{
  "pins" : [
    {
      "identity" : "numbersex",
      "kind" : "remoteSourceControl",
      "location" : "https://github.com/michelgoni/NumbersEx",
      "state" : {
        "branch" : "main",
        "revision" : "9d59ea073b35aac39133e28f2fcc8597bbf6e3fd"
      }
    },
    {
      "identity" : "swinject",
      "kind" : "remoteSourceControl",
      "location" : "https://github.com/Swinject/Swinject.git",
      "state" : {
        "branch" : "master",
        "revision" : "dfb78563c581eea560ea90c19dbe8d1d93d11260"
      }
    }
  ],
  "version" : 2
}
