// !$*UTF8*$!
{
	archiveVersion = 1;
	classes = {
	};
	objectVersion = 56;
	objects = {

/* Begin PBXBuildFile section */
		B40E97812973120B007AC2A6 /* ViewFactory.swift in Sources */ = {isa = PBXBuildFile; fileRef = B40E97802973120B007AC2A6 /* ViewFactory.swift */; };
		B438FB4C297E9B5A0034F2FC /* AppAssemblies.swift in Sources */ = {isa = PBXBuildFile; fileRef = B438FB4B297E9B5A0034F2FC /* AppAssemblies.swift */; };
		B44782F8295448CA006FC0EC /* Assets.xcassets in Resources */ = {isa = PBXBuildFile; fileRef = B44782F7295448CA006FC0EC /* Assets.xcassets */; };
		B44782FB295448CA006FC0EC /* Preview Assets.xcassets in Resources */ = {isa = PBXBuildFile; fileRef = B44782FA295448CA006FC0EC /* Preview Assets.xcassets */; };
		B44783782954819E006FC0EC /* Appdelegate.swift in Sources */ = {isa = PBXBuildFile; fileRef = B44783772954819E006FC0EC /* Appdelegate.swift */; };
		B447837B295481EE006FC0EC /* Scenedelegate.swift in Sources */ = {isa = PBXBuildFile; fileRef = B447837A295481EE006FC0EC /* Scenedelegate.swift */; };
		B447837D295482EE006FC0EC /* AppCoordinator.swift in Sources */ = {isa = PBXBuildFile; fileRef = B447837C295482EE006FC0EC /* AppCoordinator.swift */; };
		B491B864297990EB00A49CBB /* FeatureNumbersView in Frameworks */ = {isa = PBXBuildFile; productRef = B491B863297990EB00A49CBB /* FeatureNumbersView */; };
		B491B8672979911C00A49CBB /* FeatureFavorites in Frameworks */ = {isa = PBXBuildFile; productRef = B491B8662979911C00A49CBB /* FeatureFavorites */; };
		B49D8FC329784966008AF9E3 /* NumbersEx in Frameworks */ = {isa = PBXBuildFile; productRef = B49D8FC229784966008AF9E3 /* NumbersEx */; };
		B4ABD3FA2971A6F100A781D9 /* Swinject in Frameworks */ = {isa = PBXBuildFile; productRef = B4ABD3F92971A6F100A781D9 /* Swinject */; };
		B4FF7F75298BA95500B5A7F7 /* MainView.swift in Sources */ = {isa = PBXBuildFile; fileRef = B4FF7F74298BA95500B5A7F7 /* MainView.swift */; };
/* End PBXBuildFile section */

/* Begin PBXFileReference section */
		B40E97802973120B007AC2A6 /* ViewFactory.swift */ = {isa = PBXFileReference; lastKnownFileType = sourcecode.swift; path = ViewFactory.swift; sourceTree = "<group>"; };
		B438FB4B297E9B5A0034F2FC /* AppAssemblies.swift */ = {isa = PBXFileReference; lastKnownFileType = sourcecode.swift; path = AppAssemblies.swift; sourceTree = "<group>"; };
		B44782F0295448C8006FC0EC /* Numbers.app */ = {isa = PBXFileReference; explicitFileType = wrapper.application; includeInIndex = 0; path = Numbers.app; sourceTree = BUILT_PRODUCTS_DIR; };
		B44782F7295448CA006FC0EC /* Assets.xcassets */ = {isa = PBXFileReference; lastKnownFileType = folder.assetcatalog; path = Assets.xcassets; sourceTree = "<group>"; };
		B44782FA295448CA006FC0EC /* Preview Assets.xcassets */ = {isa = PBXFileReference; lastKnownFileType = folder.assetcatalog; path = "Preview Assets.xcassets"; sourceTree = "<group>"; };
		B44783772954819E006FC0EC /* Appdelegate.swift */ = {isa = PBXFileReference; lastKnownFileType = sourcecode.swift; path = Appdelegate.swift; sourceTree = "<group>"; };
		B447837A295481EE006FC0EC /* Scenedelegate.swift */ = {isa = PBXFileReference; lastKnownFileType = sourcecode.swift; path = Scenedelegate.swift; sourceTree = "<group>"; };
		B447837C295482EE006FC0EC /* AppCoordinator.swift */ = {isa = PBXFileReference; lastKnownFileType = sourcecode.swift; path = AppCoordinator.swift; sourceTree = "<group>"; };
		B44783872954C5F1006FC0EC /* Info.plist */ = {isa = PBXFileReference; lastKnownFileType = text.plist; path = Info.plist; sourceTree = "<group>"; };
		B491B862297990D300A49CBB /* FeatureNumbersView */ = {isa = PBXFileReference; lastKnownFileType = wrapper; path = FeatureNumbersView; sourceTree = "<group>"; };
		B491B8652979911200A49CBB /* FeatureFavorites */ = {isa = PBXFileReference; lastKnownFileType = wrapper; path = FeatureFavorites; sourceTree = "<group>"; };
		B495E48B29819C0B00C4CCA1 /* XCTest.framework */ = {isa = PBXFileReference; lastKnownFileType = wrapper.framework; name = XCTest.framework; path = Platforms/iPhoneOS.platform/Developer/Library/Frameworks/XCTest.framework; sourceTree = DEVELOPER_DIR; };
		B4BAF071298068F300FF05A0 /* Shared */ = {isa = PBXFileReference; lastKnownFileType = wrapper; name = Shared; path = ../Shared; sourceTree = "<group>"; };
		B4FF7F74298BA95500B5A7F7 /* MainView.swift */ = {isa = PBXFileReference; lastKnownFileType = sourcecode.swift; path = MainView.swift; sourceTree = "<group>"; };
/* End PBXFileReference section */

/* Begin PBXFrameworksBuildPhase section */
		B44782ED295448C8006FC0EC /* Frameworks */ = {
			isa = PBXFrameworksBuildPhase;
			buildActionMask = 2147483647;
			files = (
				B49D8FC329784966008AF9E3 /* NumbersEx in Frameworks */,
				B491B864297990EB00A49CBB /* FeatureNumbersView in Frameworks */,
				B491B8672979911C00A49CBB /* FeatureFavorites in Frameworks */,
				B4ABD3FA2971A6F100A781D9 /* Swinject in Frameworks */,
			);
			runOnlyForDeploymentPostprocessing = 0;
		};
/* End PBXFrameworksBuildPhase section */

/* Begin PBXGroup section */
		B40E978229731240007AC2A6 /* ViewFactory */ = {
			isa = PBXGroup;
			children = (
				B40E97802973120B007AC2A6 /* ViewFactory.swift */,
			);
			path = ViewFactory;
			sourceTree = "<group>";
		};
		B44782E7295448C8006FC0EC = {
			isa = PBXGroup;
			children = (
				B4BAF06A2980682E00FF05A0 /* Packages */,
				B491B85F29798DF900A49CBB /* Features */,
				B44782F2295448C8006FC0EC /* Numbers */,
				B44782F1295448C8006FC0EC /* Products */,
				B491B8552979887C00A49CBB /* Frameworks */,
			);
			sourceTree = "<group>";
		};
		B44782F1295448C8006FC0EC /* Products */ = {
			isa = PBXGroup;
			children = (
				B44782F0295448C8006FC0EC /* Numbers.app */,
			);
			name = Products;
			sourceTree = "<group>";
		};
		B44782F2295448C8006FC0EC /* Numbers */ = {
			isa = PBXGroup;
			children = (
				B44783872954C5F1006FC0EC /* Info.plist */,
				B447831E295449D4006FC0EC /* Src */,
				B44782F7295448CA006FC0EC /* Assets.xcassets */,
				B44782F9295448CA006FC0EC /* Preview Content */,
			);
			path = Numbers;
			sourceTree = "<group>";
		};
		B44782F9295448CA006FC0EC /* Preview Content */ = {
			isa = PBXGroup;
			children = (
				B44782FA295448CA006FC0EC /* Preview Assets.xcassets */,
			);
			path = "Preview Content";
			sourceTree = "<group>";
		};
		B447831E295449D4006FC0EC /* Src */ = {
			isa = PBXGroup;
			children = (
				B447833529545CDC006FC0EC /* Presentation */,
			);
			path = Src;
			sourceTree = "<group>";
		};
		B447833529545CDC006FC0EC /* Presentation */ = {
			isa = PBXGroup;
			children = (
				B4478379295481D1006FC0EC /* Main */,
			);
			path = Presentation;
			sourceTree = "<group>";
		};
		B4478379295481D1006FC0EC /* Main */ = {
			isa = PBXGroup;
			children = (
				B40E978229731240007AC2A6 /* ViewFactory */,
				B44783812954BEA7006FC0EC /* Main */,
			);
			path = Main;
			sourceTree = "<group>";
		};
		B44783812954BEA7006FC0EC /* Main */ = {
			isa = PBXGroup;
			children = (
				B44783772954819E006FC0EC /* Appdelegate.swift */,
				B447837A295481EE006FC0EC /* Scenedelegate.swift */,
				B447837C295482EE006FC0EC /* AppCoordinator.swift */,
				B438FB4B297E9B5A0034F2FC /* AppAssemblies.swift */,
				B4FF7F74298BA95500B5A7F7 /* MainView.swift */,
			);
			path = Main;
			sourceTree = "<group>";
		};
		B491B8552979887C00A49CBB /* Frameworks */ = {
			isa = PBXGroup;
			children = (
				B495E48B29819C0B00C4CCA1 /* XCTest.framework */,
			);
			name = Frameworks;
			sourceTree = "<group>";
		};
		B491B85F29798DF900A49CBB /* Features */ = {
			isa = PBXGroup;
			children = (
				B491B8652979911200A49CBB /* FeatureFavorites */,
				B491B862297990D300A49CBB /* FeatureNumbersView */,
			);
			path = Features;
			sourceTree = "<group>";
		};
		B4BAF06A2980682E00FF05A0 /* Packages */ = {
			isa = PBXGroup;
			children = (
				B4BAF071298068F300FF05A0 /* Shared */,
			);
			name = Packages;
			sourceTree = "<group>";
		};
/* End PBXGroup section */

/* Begin PBXNativeTarget section */
		B44782EF295448C8006FC0EC /* Numbers */ = {
			isa = PBXNativeTarget;
			buildConfigurationList = B4478314295448CA006FC0EC /* Build configuration list for PBXNativeTarget "Numbers" */;
			buildPhases = (
				B44782EC295448C8006FC0EC /* Sources */,
				B44782ED295448C8006FC0EC /* Frameworks */,
				B44782EE295448C8006FC0EC /* Resources */,
			);
			buildRules = (
			);
			dependencies = (
			);
			name = Numbers;
			packageProductDependencies = (
				B4ABD3F92971A6F100A781D9 /* Swinject */,
				B49D8FC229784966008AF9E3 /* NumbersEx */,
				B491B863297990EB00A49CBB /* FeatureNumbersView */,
				B491B8662979911C00A49CBB /* FeatureFavorites */,
			);
			productName = Numbers;
			productReference = B44782F0295448C8006FC0EC /* Numbers.app */;
			productType = "com.apple.product-type.application";
		};
/* End PBXNativeTarget section */

/* Begin PBXProject section */
		B44782E8295448C8006FC0EC /* Project object */ = {
			isa = PBXProject;
			attributes = {
				BuildIndependentTargetsInParallel = 1;
				LastSwiftUpdateCheck = 1410;
				LastUpgradeCheck = 1410;
				TargetAttributes = {
					B44782EF295448C8006FC0EC = {
						CreatedOnToolsVersion = 14.1;
					};
				};
			};
			buildConfigurationList = B44782EB295448C8006FC0EC /* Build configuration list for PBXProject "Numbers" */;
			compatibilityVersion = "Xcode 14.0";
			developmentRegion = en;
			hasScannedForEncodings = 0;
			knownRegions = (
				en,
				Base,
			);
			mainGroup = B44782E7295448C8006FC0EC;
			packageReferences = (
				B4ABD3F82971A6F100A781D9 /* XCRemoteSwiftPackageReference "Swinject" */,
				B49D8FC129784966008AF9E3 /* XCRemoteSwiftPackageReference "NumbersEx" */,
			);
			productRefGroup = B44782F1295448C8006FC0EC /* Products */;
			projectDirPath = "";
			projectRoot = "";
			targets = (
				B44782EF295448C8006FC0EC /* Numbers */,
			);
		};
/* End PBXProject section */

/* Begin PBXResourcesBuildPhase section */
		B44782EE295448C8006FC0EC /* Resources */ = {
			isa = PBXResourcesBuildPhase;
			buildActionMask = 2147483647;
			files = (
				B44782FB295448CA006FC0EC /* Preview Assets.xcassets in Resources */,
				B44782F8295448CA006FC0EC /* Assets.xcassets in Resources */,
			);
			runOnlyForDeploymentPostprocessing = 0;
		};
/* End PBXResourcesBuildPhase section */

/* Begin PBXSourcesBuildPhase section */
		B44782EC295448C8006FC0EC /* Sources */ = {
			isa = PBXSourcesBuildPhase;
			buildActionMask = 2147483647;
			files = (
				B44783782954819E006FC0EC /* Appdelegate.swift in Sources */,
				B4FF7F75298BA95500B5A7F7 /* MainView.swift in Sources */,
				B438FB4C297E9B5A0034F2FC /* AppAssemblies.swift in Sources */,
				B40E97812973120B007AC2A6 /* ViewFactory.swift in Sources */,
				B447837D295482EE006FC0EC /* AppCoordinator.swift in Sources */,
				B447837B295481EE006FC0EC /* Scenedelegate.swift in Sources */,
			);
			runOnlyForDeploymentPostprocessing = 0;
		};
/* End PBXSourcesBuildPhase section */

/* Begin XCBuildConfiguration section */
		B4478312295448CA006FC0EC /* Debug */ = {
			isa = XCBuildConfiguration;
			buildSettings = {
				ALWAYS_SEARCH_USER_PATHS = NO;
				CLANG_ANALYZER_NONNULL = YES;
				CLANG_ANALYZER_NUMBER_OBJECT_CONVERSION = YES_AGGRESSIVE;
				CLANG_CXX_LANGUAGE_STANDARD = "gnu++20";
				CLANG_ENABLE_MODULES = YES;
				CLANG_ENABLE_OBJC_ARC = YES;
				CLANG_ENABLE_OBJC_WEAK = YES;
				CLANG_WARN_BLOCK_CAPTURE_AUTORELEASING = YES;
				CLANG_WARN_BOOL_CONVERSION = YES;
				CLANG_WARN_COMMA = YES;
				CLANG_WARN_CONSTANT_CONVERSION = YES;
				CLANG_WARN_DEPRECATED_OBJC_IMPLEMENTATIONS = YES;
				CLANG_WARN_DIRECT_OBJC_ISA_USAGE = YES_ERROR;
				CLANG_WARN_DOCUMENTATION_COMMENTS = YES;
				CLANG_WARN_EMPTY_BODY = YES;
				CLANG_WARN_ENUM_CONVERSION = YES;
				CLANG_WARN_INFINITE_RECURSION = YES;
				CLANG_WARN_INT_CONVERSION = YES;
				CLANG_WARN_NON_LITERAL_NULL_CONVERSION = YES;
				CLANG_WARN_OBJC_IMPLICIT_RETAIN_SELF = YES;
				CLANG_WARN_OBJC_LITERAL_CONVERSION = YES;
				CLANG_WARN_OBJC_ROOT_CLASS = YES_ERROR;
				CLANG_WARN_QUOTED_INCLUDE_IN_FRAMEWORK_HEADER = YES;
				CLANG_WARN_RANGE_LOOP_ANALYSIS = YES;
				CLANG_WARN_STRICT_PROTOTYPES = YES;
				CLANG_WARN_SUSPICIOUS_MOVE = YES;
				CLANG_WARN_UNGUARDED_AVAILABILITY = YES_AGGRESSIVE;
				CLANG_WARN_UNREACHABLE_CODE = YES;
				CLANG_WARN__DUPLICATE_METHOD_MATCH = YES;
				COPY_PHASE_STRIP = NO;
				DEBUG_INFORMATION_FORMAT = dwarf;
				ENABLE_STRICT_OBJC_MSGSEND = YES;
				ENABLE_TESTABILITY = YES;
				GCC_C_LANGUAGE_STANDARD = gnu11;
				GCC_DYNAMIC_NO_PIC = NO;
				GCC_NO_COMMON_BLOCKS = YES;
				GCC_OPTIMIZATION_LEVEL = 0;
				GCC_PREPROCESSOR_DEFINITIONS = (
					"DEBUG=1",
					"$(inherited)",
				);
				GCC_WARN_64_TO_32_BIT_CONVERSION = YES;
				GCC_WARN_ABOUT_RETURN_TYPE = YES_ERROR;
				GCC_WARN_UNDECLARED_SELECTOR = YES;
				GCC_WARN_UNINITIALIZED_AUTOS = YES_AGGRESSIVE;
				GCC_WARN_UNUSED_FUNCTION = YES;
				GCC_WARN_UNUSED_VARIABLE = YES;
				IPHONEOS_DEPLOYMENT_TARGET = 16.0;
				MTL_ENABLE_DEBUG_INFO = INCLUDE_SOURCE;
				MTL_FAST_MATH = YES;
				ONLY_ACTIVE_ARCH = YES;
				SDKROOT = iphoneos;
				SWIFT_ACTIVE_COMPILATION_CONDITIONS = DEBUG;
				SWIFT_OPTIMIZATION_LEVEL = "-Onone";
			};
			name = Debug;
		};
		B4478313295448CA006FC0EC /* Release */ = {
			isa = XCBuildConfiguration;
			buildSettings = {
				ALWAYS_SEARCH_USER_PATHS = NO;
				CLANG_ANALYZER_NONNULL = YES;
				CLANG_ANALYZER_NUMBER_OBJECT_CONVERSION = YES_AGGRESSIVE;
				CLANG_CXX_LANGUAGE_STANDARD = "gnu++20";
				CLANG_ENABLE_MODULES = YES;
				CLANG_ENABLE_OBJC_ARC = YES;
				CLANG_ENABLE_OBJC_WEAK = YES;
				CLANG_WARN_BLOCK_CAPTURE_AUTORELEASING = YES;
				CLANG_WARN_BOOL_CONVERSION = YES;
				CLANG_WARN_COMMA = YES;
				CLANG_WARN_CONSTANT_CONVERSION = YES;
				CLANG_WARN_DEPRECATED_OBJC_IMPLEMENTATIONS = YES;
				CLANG_WARN_DIRECT_OBJC_ISA_USAGE = YES_ERROR;
				CLANG_WARN_DOCUMENTATION_COMMENTS = YES;
				CLANG_WARN_EMPTY_BODY = YES;
				CLANG_WARN_ENUM_CONVERSION = YES;
				CLANG_WARN_INFINITE_RECURSION = YES;
				CLANG_WARN_INT_CONVERSION = YES;
				CLANG_WARN_NON_LITERAL_NULL_CONVERSION = YES;
				CLANG_WARN_OBJC_IMPLICIT_RETAIN_SELF = YES;
				CLANG_WARN_OBJC_LITERAL_CONVERSION = YES;
				CLANG_WARN_OBJC_ROOT_CLASS = YES_ERROR;
				CLANG_WARN_QUOTED_INCLUDE_IN_FRAMEWORK_HEADER = YES;
				CLANG_WARN_RANGE_LOOP_ANALYSIS = YES;
				CLANG_WARN_STRICT_PROTOTYPES = YES;
				CLANG_WARN_SUSPICIOUS_MOVE = YES;
				CLANG_WARN_UNGUARDED_AVAILABILITY = YES_AGGRESSIVE;
				CLANG_WARN_UNREACHABLE_CODE = YES;
				CLANG_WARN__DUPLICATE_METHOD_MATCH = YES;
				COPY_PHASE_STRIP = NO;
				DEBUG_INFORMATION_FORMAT = "dwarf-with-dsym";
				ENABLE_NS_ASSERTIONS = NO;
				ENABLE_STRICT_OBJC_MSGSEND = YES;
				GCC_C_LANGUAGE_STANDARD = gnu11;
				GCC_NO_COMMON_BLOCKS = YES;
				GCC_WARN_64_TO_32_BIT_CONVERSION = YES;
				GCC_WARN_ABOUT_RETURN_TYPE = YES_ERROR;
				GCC_WARN_UNDECLARED_SELECTOR = YES;
				GCC_WARN_UNINITIALIZED_AUTOS = YES_AGGRESSIVE;
				GCC_WARN_UNUSED_FUNCTION = YES;
				GCC_WARN_UNUSED_VARIABLE = YES;
				IPHONEOS_DEPLOYMENT_TARGET = 16.0;
				MTL_ENABLE_DEBUG_INFO = NO;
				MTL_FAST_MATH = YES;
				SDKROOT = iphoneos;
				SWIFT_COMPILATION_MODE = wholemodule;
				SWIFT_OPTIMIZATION_LEVEL = "-O";
				VALIDATE_PRODUCT = YES;
			};
			name = Release;
		};
		B4478315295448CA006FC0EC /* Debug */ = {
			isa = XCBuildConfiguration;
			buildSettings = {
				ASSETCATALOG_COMPILER_APPICON_NAME = AppIcon;
				ASSETCATALOG_COMPILER_GLOBAL_ACCENT_COLOR_NAME = AccentColor;
				CODE_SIGN_STYLE = Automatic;
				CURRENT_PROJECT_VERSION = 1;
				DEVELOPMENT_ASSET_PATHS = "\"Numbers/Preview Content\"";
				DEVELOPMENT_TEAM = 4ZHAC3RSP3;
				ENABLE_PREVIEWS = YES;
				ENABLE_TESTING_SEARCH_PATHS = YES;
				GENERATE_INFOPLIST_FILE = YES;
				INFOPLIST_FILE = Numbers/Info.plist;
				INFOPLIST_KEY_UIApplicationSceneManifest_Generation = YES;
				INFOPLIST_KEY_UIApplicationSupportsIndirectInputEvents = YES;
				INFOPLIST_KEY_UILaunchScreen_Generation = YES;
				INFOPLIST_KEY_UISupportedInterfaceOrientations_iPad = "UIInterfaceOrientationPortrait UIInterfaceOrientationPortraitUpsideDown UIInterfaceOrientationLandscapeLeft UIInterfaceOrientationLandscapeRight";
				INFOPLIST_KEY_UISupportedInterfaceOrientations_iPhone = "UIInterfaceOrientationPortrait UIInterfaceOrientationLandscapeLeft UIInterfaceOrientationLandscapeRight";
				LD_RUNPATH_SEARCH_PATHS = (
					"$(inherited)",
					"@executable_path/Frameworks",
				);
				MARKETING_VERSION = 1.0;
				PRODUCT_BUNDLE_IDENTIFIER = numbers.mgi.com.Numbers;
				PRODUCT_NAME = "$(TARGET_NAME)";
				SWIFT_EMIT_LOC_STRINGS = YES;
				SWIFT_VERSION = 5.0;
				TARGETED_DEVICE_FAMILY = "1,2";
			};
			name = Debug;
		};
		B4478316295448CA006FC0EC /* Release */ = {
			isa = XCBuildConfiguration;
			buildSettings = {
				ASSETCATALOG_COMPILER_APPICON_NAME = AppIcon;
				ASSETCATALOG_COMPILER_GLOBAL_ACCENT_COLOR_NAME = AccentColor;
				CODE_SIGN_STYLE = Automatic;
				CURRENT_PROJECT_VERSION = 1;
				DEVELOPMENT_ASSET_PATHS = "\"Numbers/Preview Content\"";
				DEVELOPMENT_TEAM = 4ZHAC3RSP3;
				ENABLE_PREVIEWS = YES;
				ENABLE_TESTING_SEARCH_PATHS = YES;
				GENERATE_INFOPLIST_FILE = YES;
				INFOPLIST_FILE = Numbers/Info.plist;
				INFOPLIST_KEY_UIApplicationSceneManifest_Generation = YES;
				INFOPLIST_KEY_UIApplicationSupportsIndirectInputEvents = YES;
				INFOPLIST_KEY_UILaunchScreen_Generation = YES;
				INFOPLIST_KEY_UISupportedInterfaceOrientations_iPad = "UIInterfaceOrientationPortrait UIInterfaceOrientationPortraitUpsideDown UIInterfaceOrientationLandscapeLeft UIInterfaceOrientationLandscapeRight";
				INFOPLIST_KEY_UISupportedInterfaceOrientations_iPhone = "UIInterfaceOrientationPortrait UIInterfaceOrientationLandscapeLeft UIInterfaceOrientationLandscapeRight";
				LD_RUNPATH_SEARCH_PATHS = (
					"$(inherited)",
					"@executable_path/Frameworks",
				);
				MARKETING_VERSION = 1.0;
				PRODUCT_BUNDLE_IDENTIFIER = numbers.mgi.com.Numbers;
				PRODUCT_NAME = "$(TARGET_NAME)";
				SWIFT_EMIT_LOC_STRINGS = YES;
				SWIFT_VERSION = 5.0;
				TARGETED_DEVICE_FAMILY = "1,2";
			};
			name = Release;
		};
/* End XCBuildConfiguration section */

/* Begin XCConfigurationList section */
		B44782EB295448C8006FC0EC /* Build configuration list for PBXProject "Numbers" */ = {
			isa = XCConfigurationList;
			buildConfigurations = (
				B4478312295448CA006FC0EC /* Debug */,
				B4478313295448CA006FC0EC /* Release */,
			);
			defaultConfigurationIsVisible = 0;
			defaultConfigurationName = Release;
		};
		B4478314295448CA006FC0EC /* Build configuration list for PBXNativeTarget "Numbers" */ = {
			isa = XCConfigurationList;
			buildConfigurations = (
				B4478315295448CA006FC0EC /* Debug */,
				B4478316295448CA006FC0EC /* Release */,
			);
			defaultConfigurationIsVisible = 0;
			defaultConfigurationName = Release;
		};
/* End XCConfigurationList section */

/* Begin XCRemoteSwiftPackageReference section */
		B49D8FC129784966008AF9E3 /* XCRemoteSwiftPackageReference "NumbersEx" */ = {
			isa = XCRemoteSwiftPackageReference;
			repositoryURL = "https://github.com/michelgoni/NumbersEx";
			requirement = {
				branch = main;
				kind = branch;
			};
		};
		B4ABD3F82971A6F100A781D9 /* XCRemoteSwiftPackageReference "Swinject" */ = {
			isa = XCRemoteSwiftPackageReference;
			repositoryURL = "https://github.com/Swinject/Swinject.git";
			requirement = {
				branch = master;
				kind = branch;
			};
		};
/* End XCRemoteSwiftPackageReference section */

/* Begin XCSwiftPackageProductDependency section */
		B491B863297990EB00A49CBB /* FeatureNumbersView */ = {
			isa = XCSwiftPackageProductDependency;
			productName = FeatureNumbersView;
		};
		B491B8662979911C00A49CBB /* FeatureFavorites */ = {
			isa = XCSwiftPackageProductDependency;
			productName = FeatureFavorites;
		};
		B49D8FC229784966008AF9E3 /* NumbersEx */ = {
			isa = XCSwiftPackageProductDependency;
			package = B49D8FC129784966008AF9E3 /* XCRemoteSwiftPackageReference "NumbersEx" */;
			productName = NumbersEx;
		};
		B4ABD3F92971A6F100A781D9 /* Swinject */ = {
			isa = XCSwiftPackageProductDependency;
			package = B4ABD3F82971A6F100A781D9 /* XCRemoteSwiftPackageReference "Swinject" */;
			productName = Swinject;
		};
/* End XCSwiftPackageProductDependency section */
	};
	rootObject = B44782E8295448C8006FC0EC /* Project object */;
}
