// !$*UTF8*$!
{
	archiveVersion = 1;
	classes = {
	};
	objectVersion = 56;
	objects = {

/* Begin PBXBuildFile section */
		B405E526296591CA0045DAFF /* DeleteNumbersUseCaseTest.swift in Sources */ = {isa = PBXBuildFile; fileRef = B405E525296591CA0045DAFF /* DeleteNumbersUseCaseTest.swift */; };
		B405E52A296594C00045DAFF /* AwaitPublisher.swift in Sources */ = {isa = PBXBuildFile; fileRef = B405E529296594C00045DAFF /* AwaitPublisher.swift */; };
		B405E52D2965A7F60045DAFF /* ContentViewModelTest.swift in Sources */ = {isa = PBXBuildFile; fileRef = B405E52C2965A7F60045DAFF /* ContentViewModelTest.swift */; };
		B405E52F2965A8AC0045DAFF /* FavoritesUseCaseTest.swift in Sources */ = {isa = PBXBuildFile; fileRef = B405E52E2965A8AC0045DAFF /* FavoritesUseCaseTest.swift */; };
		B405E5312965A9840045DAFF /* SaveFavoritesUseCaseTest.swift in Sources */ = {isa = PBXBuildFile; fileRef = B405E5302965A9840045DAFF /* SaveFavoritesUseCaseTest.swift */; };
		B405E5332965AC7C0045DAFF /* FetchNumbersUseCaseTest.swift in Sources */ = {isa = PBXBuildFile; fileRef = B405E5322965AC7C0045DAFF /* FetchNumbersUseCaseTest.swift */; };
		B405E5352965D0060045DAFF /* FavoritesViewModelTest.swift in Sources */ = {isa = PBXBuildFile; fileRef = B405E5342965D0060045DAFF /* FavoritesViewModelTest.swift */; };
		B405E5382965F4CE0045DAFF /* LoaderView.swift in Sources */ = {isa = PBXBuildFile; fileRef = B405E5372965F4CE0045DAFF /* LoaderView.swift */; };
		B405E53A2965F6310045DAFF /* View+.swift in Sources */ = {isa = PBXBuildFile; fileRef = B405E5392965F6310045DAFF /* View+.swift */; };
		B405E53E2965FC600045DAFF /* EmptyView.swift in Sources */ = {isa = PBXBuildFile; fileRef = B405E53D2965FC600045DAFF /* EmptyView.swift */; };
		B405E5402965FEE70045DAFF /* FetchNumberUseCase.swift in Sources */ = {isa = PBXBuildFile; fileRef = B405E53F2965FEE70045DAFF /* FetchNumberUseCase.swift */; };
		B40C24582976F23F00047A9F /* RandomNumberUseCaseTest.swift in Sources */ = {isa = PBXBuildFile; fileRef = B40C24572976F23F00047A9F /* RandomNumberUseCaseTest.swift */; };
		B40E977929730DD7007AC2A6 /* RepositoryAssembly.swift in Sources */ = {isa = PBXBuildFile; fileRef = B40E977829730DD7007AC2A6 /* RepositoryAssembly.swift */; };
		B40E977B29730E3B007AC2A6 /* RemoteServiceAssembly.swift in Sources */ = {isa = PBXBuildFile; fileRef = B40E977A29730E3B007AC2A6 /* RemoteServiceAssembly.swift */; };
		B40E977D29730E79007AC2A6 /* LocalServiceAssembly.swift in Sources */ = {isa = PBXBuildFile; fileRef = B40E977C29730E79007AC2A6 /* LocalServiceAssembly.swift */; };
		B40E977F297311D0007AC2A6 /* DependencyProvider.swift in Sources */ = {isa = PBXBuildFile; fileRef = B40E977E297311D0007AC2A6 /* DependencyProvider.swift */; };
		B40E97812973120B007AC2A6 /* ViewFactory.swift in Sources */ = {isa = PBXBuildFile; fileRef = B40E97802973120B007AC2A6 /* ViewFactory.swift */; };
		B40E97852973126F007AC2A6 /* LazyView.swift in Sources */ = {isa = PBXBuildFile; fileRef = B40E97842973126F007AC2A6 /* LazyView.swift */; };
		B40E9787297312AA007AC2A6 /* Inject.swift in Sources */ = {isa = PBXBuildFile; fileRef = B40E9786297312AA007AC2A6 /* Inject.swift */; };
		B40E978A297319C1007AC2A6 /* NumbersAssemblerTest.swift in Sources */ = {isa = PBXBuildFile; fileRef = B40E9789297319C1007AC2A6 /* NumbersAssemblerTest.swift */; };
		B410385629746570001CED69 /* PrimaryButton.swift in Sources */ = {isa = PBXBuildFile; fileRef = B410385529746570001CED69 /* PrimaryButton.swift */; };
		B41038642974804C001CED69 /* RandomNumberView.swift in Sources */ = {isa = PBXBuildFile; fileRef = B41038632974804C001CED69 /* RandomNumberView.swift */; };
		B410386829748485001CED69 /* RandomNumberProgressView.swift in Sources */ = {isa = PBXBuildFile; fileRef = B410386729748485001CED69 /* RandomNumberProgressView.swift */; };
		B41278862960B9FD006D1C82 /* DeleteNumberUseCase.swift in Sources */ = {isa = PBXBuildFile; fileRef = B41278852960B9FD006D1C82 /* DeleteNumberUseCase.swift */; };
		B41278882960BAB2006D1C82 /* FavoritesNumberUseCase.swift in Sources */ = {isa = PBXBuildFile; fileRef = B41278872960BAB2006D1C82 /* FavoritesNumberUseCase.swift */; };
		B412788A2960BAC9006D1C82 /* SaveFavoriteNumberUseCase.swift in Sources */ = {isa = PBXBuildFile; fileRef = B41278892960BAC9006D1C82 /* SaveFavoriteNumberUseCase.swift */; };
		B4204780295BA31500C32192 /* NumberEntitity.swift in Sources */ = {isa = PBXBuildFile; fileRef = B420477F295BA31500C32192 /* NumberEntitity.swift */; };
		B432F573295F3BB0007F6518 /* FavoritesView.swift in Sources */ = {isa = PBXBuildFile; fileRef = B432F572295F3BB0007F6518 /* FavoritesView.swift */; };
		B43608FE29755F4500FB3FB9 /* StepperButton.swift in Sources */ = {isa = PBXBuildFile; fileRef = B43608FD29755F4500FB3FB9 /* StepperButton.swift */; };
		B436090329756DDE00FB3FB9 /* RandomNumberRepositoryType.swift in Sources */ = {isa = PBXBuildFile; fileRef = B436090229756DDE00FB3FB9 /* RandomNumberRepositoryType.swift */; };
		B436090629756E5200FB3FB9 /* RandomNumberRepositoryImplm.swift in Sources */ = {isa = PBXBuildFile; fileRef = B436090529756E5200FB3FB9 /* RandomNumberRepositoryImplm.swift */; };
		B436090929756EBF00FB3FB9 /* RemoteDSRandomNumber.swift in Sources */ = {isa = PBXBuildFile; fileRef = B436090829756EBF00FB3FB9 /* RemoteDSRandomNumber.swift */; };
		B436090E29758C7100FB3FB9 /* RandomNumberUseCase.swift in Sources */ = {isa = PBXBuildFile; fileRef = B436090D29758C7100FB3FB9 /* RandomNumberUseCase.swift */; };
		B436091029758D7700FB3FB9 /* RandomNumberViewModel.swift in Sources */ = {isa = PBXBuildFile; fileRef = B436090F29758D7700FB3FB9 /* RandomNumberViewModel.swift */; };
		B43609122975B31500FB3FB9 /* FetchWithOperationNumberUseCase.swift in Sources */ = {isa = PBXBuildFile; fileRef = B43609112975B31500FB3FB9 /* FetchWithOperationNumberUseCase.swift */; };
		B43609142975B34D00FB3FB9 /* NumberWithOperationRepositoryType.swift in Sources */ = {isa = PBXBuildFile; fileRef = B43609132975B34D00FB3FB9 /* NumberWithOperationRepositoryType.swift */; };
		B44782F6295448C8006FC0EC /* NumbersView.swift in Sources */ = {isa = PBXBuildFile; fileRef = B44782F5295448C8006FC0EC /* NumbersView.swift */; };
		B44782F8295448CA006FC0EC /* Assets.xcassets in Resources */ = {isa = PBXBuildFile; fileRef = B44782F7295448CA006FC0EC /* Assets.xcassets */; };
		B44782FB295448CA006FC0EC /* Preview Assets.xcassets in Resources */ = {isa = PBXBuildFile; fileRef = B44782FA295448CA006FC0EC /* Preview Assets.xcassets */; };
		B447832C29545715006FC0EC /* NumbersRepositoryType.swift in Sources */ = {isa = PBXBuildFile; fileRef = B447832B29545715006FC0EC /* NumbersRepositoryType.swift */; };
		B447832E29545B0F006FC0EC /* NumbersRepositoryImplm.swift in Sources */ = {isa = PBXBuildFile; fileRef = B447832D29545B0F006FC0EC /* NumbersRepositoryImplm.swift */; };
		B447833429545C27006FC0EC /* FetchNumbersUseCase.swift in Sources */ = {isa = PBXBuildFile; fileRef = B447833329545C27006FC0EC /* FetchNumbersUseCase.swift */; };
		B447833729545D8A006FC0EC /* Resolver.swift in Sources */ = {isa = PBXBuildFile; fileRef = B447833629545D8A006FC0EC /* Resolver.swift */; };
		B44783782954819E006FC0EC /* Appdelegate.swift in Sources */ = {isa = PBXBuildFile; fileRef = B44783772954819E006FC0EC /* Appdelegate.swift */; };
		B447837B295481EE006FC0EC /* Scenedelegate.swift in Sources */ = {isa = PBXBuildFile; fileRef = B447837A295481EE006FC0EC /* Scenedelegate.swift */; };
		B447837D295482EE006FC0EC /* AppCoordinator.swift in Sources */ = {isa = PBXBuildFile; fileRef = B447837C295482EE006FC0EC /* AppCoordinator.swift */; };
		B44783842954BF0F006FC0EC /* RemoteDS.swift in Sources */ = {isa = PBXBuildFile; fileRef = B44783832954BF0F006FC0EC /* RemoteDS.swift */; };
		B44783862954C446006FC0EC /* NumbersError.swift in Sources */ = {isa = PBXBuildFile; fileRef = B44783852954C446006FC0EC /* NumbersError.swift */; };
		B44C5B8C296C3E89008DB54C /* OnAppearOnce.swift in Sources */ = {isa = PBXBuildFile; fileRef = B44C5B8B296C3E89008DB54C /* OnAppearOnce.swift */; };
		B44D33322958DE400026CFF4 /* Publisher+.swift in Sources */ = {isa = PBXBuildFile; fileRef = B44D33312958DE400026CFF4 /* Publisher+.swift */; };
		B44D5008295C4D010013BC65 /* NewNumberModifier.swift in Sources */ = {isa = PBXBuildFile; fileRef = B44D5007295C4D010013BC65 /* NewNumberModifier.swift */; };
		B497B856295A57130057237A /* NumberRow.swift in Sources */ = {isa = PBXBuildFile; fileRef = B497B855295A57130057237A /* NumberRow.swift */; };
		B49D8FC029783DE0008AF9E3 /* RandomNumberRepositoryTest.swift in Sources */ = {isa = PBXBuildFile; fileRef = B49D8FBF29783DE0008AF9E3 /* RandomNumberRepositoryTest.swift */; };
		B49D8FC329784966008AF9E3 /* NumbersEx in Frameworks */ = {isa = PBXBuildFile; productRef = B49D8FC229784966008AF9E3 /* NumbersEx */; };
		B4A25C852976C0D8008A7511 /* RandomNumberViewmodeltest.swift in Sources */ = {isa = PBXBuildFile; fileRef = B4A25C842976C0D8008A7511 /* RandomNumberViewmodeltest.swift */; };
		B4A25C882976E89A008A7511 /* FavoriteIconViewmodelTest.swift in Sources */ = {isa = PBXBuildFile; fileRef = B4A25C872976E89A008A7511 /* FavoriteIconViewmodelTest.swift */; };
		B4A294FD295E19D40067FB54 /* TitleModifier.swift in Sources */ = {isa = PBXBuildFile; fileRef = B4A294FC295E19D40067FB54 /* TitleModifier.swift */; };
		B4ABD3FA2971A6F100A781D9 /* Swinject in Frameworks */ = {isa = PBXBuildFile; productRef = B4ABD3F92971A6F100A781D9 /* Swinject */; };
		B4ABD3FE2971E8EE00A781D9 /* UseCasesAssembly.swift in Sources */ = {isa = PBXBuildFile; fileRef = B4ABD3FD2971E8EE00A781D9 /* UseCasesAssembly.swift */; };
		B4B06E3A295F498800B25094 /* FavoriteRow.swift in Sources */ = {isa = PBXBuildFile; fileRef = B4B06E39295F498800B25094 /* FavoriteRow.swift */; };
		B4B06E3C295F4CE200B25094 /* ModifiableViewState.swift in Sources */ = {isa = PBXBuildFile; fileRef = B4B06E3B295F4CE200B25094 /* ModifiableViewState.swift */; };
		B4EE915329575DA800BB45A3 /* AnyViewModel.swift in Sources */ = {isa = PBXBuildFile; fileRef = B4EE915229575DA800BB45A3 /* AnyViewModel.swift */; };
		B4EE915529575ECD00BB45A3 /* NumbersViewModel.swift in Sources */ = {isa = PBXBuildFile; fileRef = B4EE915429575ECD00BB45A3 /* NumbersViewModel.swift */; };
		B4F73AAA295F3C92006C7333 /* FavoritesViewModel.swift in Sources */ = {isa = PBXBuildFile; fileRef = B4F73AA9295F3C92006C7333 /* FavoritesViewModel.swift */; };
		B4F91B55296D6A39008F011A /* FavoriteIconView.swift in Sources */ = {isa = PBXBuildFile; fileRef = B4F91B54296D6A39008F011A /* FavoriteIconView.swift */; };
		B4F91B59296D7143008F011A /* FavoriteiconViewModel.swift in Sources */ = {isa = PBXBuildFile; fileRef = B4F91B58296D7143008F011A /* FavoriteiconViewModel.swift */; };
		B4F91B5B296D72C3008F011A /* IsfavoriteNumberUseCase.swift in Sources */ = {isa = PBXBuildFile; fileRef = B4F91B5A296D72C3008F011A /* IsfavoriteNumberUseCase.swift */; };
		B4F91B5D296DAB90008F011A /* NumbersAPITest.swift in Sources */ = {isa = PBXBuildFile; fileRef = B4F91B5C296DAB90008F011A /* NumbersAPITest.swift */; };
		B4F91B63296EF41F008F011A /* Sequence+.swift in Sources */ = {isa = PBXBuildFile; fileRef = B4F91B62296EF41F008F011A /* Sequence+.swift */; };
		B4FCD3F72970117800768861 /* UserDefaultDataSource.swift in Sources */ = {isa = PBXBuildFile; fileRef = B4FCD3F62970117800768861 /* UserDefaultDataSource.swift */; };
		B4FCD3F92970207100768861 /* URL+.swift in Sources */ = {isa = PBXBuildFile; fileRef = B4FCD3F82970207100768861 /* URL+.swift */; };
		B4FF870E29647FB2007067A3 /* AlertView.swift in Sources */ = {isa = PBXBuildFile; fileRef = B4FF870D29647FB2007067A3 /* AlertView.swift */; };
		B4FF871029648461007067A3 /* AlertViewModfier.swift in Sources */ = {isa = PBXBuildFile; fileRef = B4FF870F29648461007067A3 /* AlertViewModfier.swift */; };
		B4FF87122964A9F1007067A3 /* UsersDefaultDataSourceTest.swift in Sources */ = {isa = PBXBuildFile; fileRef = B4FF87112964A9F1007067A3 /* UsersDefaultDataSourceTest.swift */; };
		B4FF87142964AA62007067A3 /* UserDefaultsDataSourceType.swift in Sources */ = {isa = PBXBuildFile; fileRef = B4FF87132964AA62007067A3 /* UserDefaultsDataSourceType.swift */; };
		B4FF87192964B6BD007067A3 /* NumbersRepositoryTest.swift in Sources */ = {isa = PBXBuildFile; fileRef = B4FF87182964B6BD007067A3 /* NumbersRepositoryTest.swift */; };
/* End PBXBuildFile section */

/* Begin PBXContainerItemProxy section */
		B4478301295448CA006FC0EC /* PBXContainerItemProxy */ = {
			isa = PBXContainerItemProxy;
			containerPortal = B44782E8295448C8006FC0EC /* Project object */;
			proxyType = 1;
			remoteGlobalIDString = B44782EF295448C8006FC0EC;
			remoteInfo = Numbers;
		};
/* End PBXContainerItemProxy section */

/* Begin PBXFileReference section */
		B405E525296591CA0045DAFF /* DeleteNumbersUseCaseTest.swift */ = {isa = PBXFileReference; lastKnownFileType = sourcecode.swift; path = DeleteNumbersUseCaseTest.swift; sourceTree = "<group>"; };
		B405E529296594C00045DAFF /* AwaitPublisher.swift */ = {isa = PBXFileReference; lastKnownFileType = sourcecode.swift; path = AwaitPublisher.swift; sourceTree = "<group>"; };
		B405E52C2965A7F60045DAFF /* ContentViewModelTest.swift */ = {isa = PBXFileReference; lastKnownFileType = sourcecode.swift; path = ContentViewModelTest.swift; sourceTree = "<group>"; };
		B405E52E2965A8AC0045DAFF /* FavoritesUseCaseTest.swift */ = {isa = PBXFileReference; lastKnownFileType = sourcecode.swift; path = FavoritesUseCaseTest.swift; sourceTree = "<group>"; };
		B405E5302965A9840045DAFF /* SaveFavoritesUseCaseTest.swift */ = {isa = PBXFileReference; lastKnownFileType = sourcecode.swift; path = SaveFavoritesUseCaseTest.swift; sourceTree = "<group>"; };
		B405E5322965AC7C0045DAFF /* FetchNumbersUseCaseTest.swift */ = {isa = PBXFileReference; lastKnownFileType = sourcecode.swift; path = FetchNumbersUseCaseTest.swift; sourceTree = "<group>"; };
		B405E5342965D0060045DAFF /* FavoritesViewModelTest.swift */ = {isa = PBXFileReference; lastKnownFileType = sourcecode.swift; path = FavoritesViewModelTest.swift; sourceTree = "<group>"; };
		B405E5372965F4CE0045DAFF /* LoaderView.swift */ = {isa = PBXFileReference; lastKnownFileType = sourcecode.swift; path = LoaderView.swift; sourceTree = "<group>"; };
		B405E5392965F6310045DAFF /* View+.swift */ = {isa = PBXFileReference; lastKnownFileType = sourcecode.swift; path = "View+.swift"; sourceTree = "<group>"; };
		B405E53D2965FC600045DAFF /* EmptyView.swift */ = {isa = PBXFileReference; lastKnownFileType = sourcecode.swift; path = EmptyView.swift; sourceTree = "<group>"; };
		B405E53F2965FEE70045DAFF /* FetchNumberUseCase.swift */ = {isa = PBXFileReference; lastKnownFileType = sourcecode.swift; path = FetchNumberUseCase.swift; sourceTree = "<group>"; };
		B40C24572976F23F00047A9F /* RandomNumberUseCaseTest.swift */ = {isa = PBXFileReference; lastKnownFileType = sourcecode.swift; path = RandomNumberUseCaseTest.swift; sourceTree = "<group>"; };
		B40E977829730DD7007AC2A6 /* RepositoryAssembly.swift */ = {isa = PBXFileReference; lastKnownFileType = sourcecode.swift; path = RepositoryAssembly.swift; sourceTree = "<group>"; };
		B40E977A29730E3B007AC2A6 /* RemoteServiceAssembly.swift */ = {isa = PBXFileReference; lastKnownFileType = sourcecode.swift; path = RemoteServiceAssembly.swift; sourceTree = "<group>"; };
		B40E977C29730E79007AC2A6 /* LocalServiceAssembly.swift */ = {isa = PBXFileReference; lastKnownFileType = sourcecode.swift; path = LocalServiceAssembly.swift; sourceTree = "<group>"; };
		B40E977E297311D0007AC2A6 /* DependencyProvider.swift */ = {isa = PBXFileReference; lastKnownFileType = sourcecode.swift; path = DependencyProvider.swift; sourceTree = "<group>"; };
		B40E97802973120B007AC2A6 /* ViewFactory.swift */ = {isa = PBXFileReference; lastKnownFileType = sourcecode.swift; path = ViewFactory.swift; sourceTree = "<group>"; };
		B40E97842973126F007AC2A6 /* LazyView.swift */ = {isa = PBXFileReference; lastKnownFileType = sourcecode.swift; path = LazyView.swift; sourceTree = "<group>"; };
		B40E9786297312AA007AC2A6 /* Inject.swift */ = {isa = PBXFileReference; lastKnownFileType = sourcecode.swift; path = Inject.swift; sourceTree = "<group>"; };
		B40E9789297319C1007AC2A6 /* NumbersAssemblerTest.swift */ = {isa = PBXFileReference; lastKnownFileType = sourcecode.swift; path = NumbersAssemblerTest.swift; sourceTree = "<group>"; };
		B410385529746570001CED69 /* PrimaryButton.swift */ = {isa = PBXFileReference; lastKnownFileType = sourcecode.swift; path = PrimaryButton.swift; sourceTree = "<group>"; };
		B41038632974804C001CED69 /* RandomNumberView.swift */ = {isa = PBXFileReference; lastKnownFileType = sourcecode.swift; path = RandomNumberView.swift; sourceTree = "<group>"; };
		B410386729748485001CED69 /* RandomNumberProgressView.swift */ = {isa = PBXFileReference; lastKnownFileType = sourcecode.swift; path = RandomNumberProgressView.swift; sourceTree = "<group>"; };
		B41278852960B9FD006D1C82 /* DeleteNumberUseCase.swift */ = {isa = PBXFileReference; lastKnownFileType = sourcecode.swift; path = DeleteNumberUseCase.swift; sourceTree = "<group>"; };
		B41278872960BAB2006D1C82 /* FavoritesNumberUseCase.swift */ = {isa = PBXFileReference; lastKnownFileType = sourcecode.swift; path = FavoritesNumberUseCase.swift; sourceTree = "<group>"; };
		B41278892960BAC9006D1C82 /* SaveFavoriteNumberUseCase.swift */ = {isa = PBXFileReference; lastKnownFileType = sourcecode.swift; path = SaveFavoriteNumberUseCase.swift; sourceTree = "<group>"; };
		B420477F295BA31500C32192 /* NumberEntitity.swift */ = {isa = PBXFileReference; lastKnownFileType = sourcecode.swift; path = NumberEntitity.swift; sourceTree = "<group>"; };
		B432F572295F3BB0007F6518 /* FavoritesView.swift */ = {isa = PBXFileReference; lastKnownFileType = sourcecode.swift; path = FavoritesView.swift; sourceTree = "<group>"; };
		B43608FD29755F4500FB3FB9 /* StepperButton.swift */ = {isa = PBXFileReference; lastKnownFileType = sourcecode.swift; path = StepperButton.swift; sourceTree = "<group>"; };
		B436090229756DDE00FB3FB9 /* RandomNumberRepositoryType.swift */ = {isa = PBXFileReference; lastKnownFileType = sourcecode.swift; path = RandomNumberRepositoryType.swift; sourceTree = "<group>"; };
		B436090529756E5200FB3FB9 /* RandomNumberRepositoryImplm.swift */ = {isa = PBXFileReference; lastKnownFileType = sourcecode.swift; path = RandomNumberRepositoryImplm.swift; sourceTree = "<group>"; };
		B436090829756EBF00FB3FB9 /* RemoteDSRandomNumber.swift */ = {isa = PBXFileReference; lastKnownFileType = sourcecode.swift; path = RemoteDSRandomNumber.swift; sourceTree = "<group>"; };
		B436090D29758C7100FB3FB9 /* RandomNumberUseCase.swift */ = {isa = PBXFileReference; lastKnownFileType = sourcecode.swift; path = RandomNumberUseCase.swift; sourceTree = "<group>"; };
		B436090F29758D7700FB3FB9 /* RandomNumberViewModel.swift */ = {isa = PBXFileReference; lastKnownFileType = sourcecode.swift; path = RandomNumberViewModel.swift; sourceTree = "<group>"; };
		B43609112975B31500FB3FB9 /* FetchWithOperationNumberUseCase.swift */ = {isa = PBXFileReference; lastKnownFileType = sourcecode.swift; path = FetchWithOperationNumberUseCase.swift; sourceTree = "<group>"; };
		B43609132975B34D00FB3FB9 /* NumberWithOperationRepositoryType.swift */ = {isa = PBXFileReference; lastKnownFileType = sourcecode.swift; path = NumberWithOperationRepositoryType.swift; sourceTree = "<group>"; };
		B44782F0295448C8006FC0EC /* Numbers.app */ = {isa = PBXFileReference; explicitFileType = wrapper.application; includeInIndex = 0; path = Numbers.app; sourceTree = BUILT_PRODUCTS_DIR; };
		B44782F5295448C8006FC0EC /* NumbersView.swift */ = {isa = PBXFileReference; lastKnownFileType = sourcecode.swift; path = NumbersView.swift; sourceTree = "<group>"; };
		B44782F7295448CA006FC0EC /* Assets.xcassets */ = {isa = PBXFileReference; lastKnownFileType = folder.assetcatalog; path = Assets.xcassets; sourceTree = "<group>"; };
		B44782FA295448CA006FC0EC /* Preview Assets.xcassets */ = {isa = PBXFileReference; lastKnownFileType = folder.assetcatalog; path = "Preview Assets.xcassets"; sourceTree = "<group>"; };
		B4478300295448CA006FC0EC /* NumbersTests.xctest */ = {isa = PBXFileReference; explicitFileType = wrapper.cfbundle; includeInIndex = 0; path = NumbersTests.xctest; sourceTree = BUILT_PRODUCTS_DIR; };
		B447832B29545715006FC0EC /* NumbersRepositoryType.swift */ = {isa = PBXFileReference; lastKnownFileType = sourcecode.swift; path = NumbersRepositoryType.swift; sourceTree = "<group>"; };
		B447832D29545B0F006FC0EC /* NumbersRepositoryImplm.swift */ = {isa = PBXFileReference; lastKnownFileType = sourcecode.swift; path = NumbersRepositoryImplm.swift; sourceTree = "<group>"; };
		B447833329545C27006FC0EC /* FetchNumbersUseCase.swift */ = {isa = PBXFileReference; lastKnownFileType = sourcecode.swift; path = FetchNumbersUseCase.swift; sourceTree = "<group>"; };
		B447833629545D8A006FC0EC /* Resolver.swift */ = {isa = PBXFileReference; lastKnownFileType = sourcecode.swift; path = Resolver.swift; sourceTree = "<group>"; };
		B44783772954819E006FC0EC /* Appdelegate.swift */ = {isa = PBXFileReference; lastKnownFileType = sourcecode.swift; path = Appdelegate.swift; sourceTree = "<group>"; };
		B447837A295481EE006FC0EC /* Scenedelegate.swift */ = {isa = PBXFileReference; lastKnownFileType = sourcecode.swift; path = Scenedelegate.swift; sourceTree = "<group>"; };
		B447837C295482EE006FC0EC /* AppCoordinator.swift */ = {isa = PBXFileReference; lastKnownFileType = sourcecode.swift; path = AppCoordinator.swift; sourceTree = "<group>"; };
		B44783832954BF0F006FC0EC /* RemoteDS.swift */ = {isa = PBXFileReference; lastKnownFileType = sourcecode.swift; path = RemoteDS.swift; sourceTree = "<group>"; };
		B44783852954C446006FC0EC /* NumbersError.swift */ = {isa = PBXFileReference; lastKnownFileType = sourcecode.swift; path = NumbersError.swift; sourceTree = "<group>"; };
		B44783872954C5F1006FC0EC /* Info.plist */ = {isa = PBXFileReference; lastKnownFileType = text.plist; path = Info.plist; sourceTree = "<group>"; };
		B44C5B8B296C3E89008DB54C /* OnAppearOnce.swift */ = {isa = PBXFileReference; lastKnownFileType = sourcecode.swift; path = OnAppearOnce.swift; sourceTree = "<group>"; };
		B44D33312958DE400026CFF4 /* Publisher+.swift */ = {isa = PBXFileReference; lastKnownFileType = sourcecode.swift; path = "Publisher+.swift"; sourceTree = "<group>"; };
		B44D5007295C4D010013BC65 /* NewNumberModifier.swift */ = {isa = PBXFileReference; lastKnownFileType = sourcecode.swift; path = NewNumberModifier.swift; sourceTree = "<group>"; };
		B497B855295A57130057237A /* NumberRow.swift */ = {isa = PBXFileReference; lastKnownFileType = sourcecode.swift; path = NumberRow.swift; sourceTree = "<group>"; };
		B49D8FBF29783DE0008AF9E3 /* RandomNumberRepositoryTest.swift */ = {isa = PBXFileReference; lastKnownFileType = sourcecode.swift; path = RandomNumberRepositoryTest.swift; sourceTree = "<group>"; };
		B4A25C842976C0D8008A7511 /* RandomNumberViewmodeltest.swift */ = {isa = PBXFileReference; lastKnownFileType = sourcecode.swift; path = RandomNumberViewmodeltest.swift; sourceTree = "<group>"; };
		B4A25C872976E89A008A7511 /* FavoriteIconViewmodelTest.swift */ = {isa = PBXFileReference; lastKnownFileType = sourcecode.swift; path = FavoriteIconViewmodelTest.swift; sourceTree = "<group>"; };
		B4A294FC295E19D40067FB54 /* TitleModifier.swift */ = {isa = PBXFileReference; lastKnownFileType = sourcecode.swift; path = TitleModifier.swift; sourceTree = "<group>"; };
		B4ABD3FD2971E8EE00A781D9 /* UseCasesAssembly.swift */ = {isa = PBXFileReference; lastKnownFileType = sourcecode.swift; path = UseCasesAssembly.swift; sourceTree = "<group>"; };
		B4B06E39295F498800B25094 /* FavoriteRow.swift */ = {isa = PBXFileReference; lastKnownFileType = sourcecode.swift; path = FavoriteRow.swift; sourceTree = "<group>"; };
		B4B06E3B295F4CE200B25094 /* ModifiableViewState.swift */ = {isa = PBXFileReference; lastKnownFileType = sourcecode.swift; path = ModifiableViewState.swift; sourceTree = "<group>"; };
		B4EE915229575DA800BB45A3 /* AnyViewModel.swift */ = {isa = PBXFileReference; lastKnownFileType = sourcecode.swift; path = AnyViewModel.swift; sourceTree = "<group>"; };
		B4EE915429575ECD00BB45A3 /* NumbersViewModel.swift */ = {isa = PBXFileReference; lastKnownFileType = sourcecode.swift; path = NumbersViewModel.swift; sourceTree = "<group>"; };
		B4F73AA9295F3C92006C7333 /* FavoritesViewModel.swift */ = {isa = PBXFileReference; lastKnownFileType = sourcecode.swift; path = FavoritesViewModel.swift; sourceTree = "<group>"; };
		B4F91B54296D6A39008F011A /* FavoriteIconView.swift */ = {isa = PBXFileReference; lastKnownFileType = sourcecode.swift; path = FavoriteIconView.swift; sourceTree = "<group>"; };
		B4F91B58296D7143008F011A /* FavoriteiconViewModel.swift */ = {isa = PBXFileReference; lastKnownFileType = sourcecode.swift; path = FavoriteiconViewModel.swift; sourceTree = "<group>"; };
		B4F91B5A296D72C3008F011A /* IsfavoriteNumberUseCase.swift */ = {isa = PBXFileReference; lastKnownFileType = sourcecode.swift; path = IsfavoriteNumberUseCase.swift; sourceTree = "<group>"; };
		B4F91B5C296DAB90008F011A /* NumbersAPITest.swift */ = {isa = PBXFileReference; lastKnownFileType = sourcecode.swift; path = NumbersAPITest.swift; sourceTree = "<group>"; };
		B4F91B62296EF41F008F011A /* Sequence+.swift */ = {isa = PBXFileReference; lastKnownFileType = sourcecode.swift; path = "Sequence+.swift"; sourceTree = "<group>"; };
		B4FCD3F62970117800768861 /* UserDefaultDataSource.swift */ = {isa = PBXFileReference; fileEncoding = 4; lastKnownFileType = sourcecode.swift; name = UserDefaultDataSource.swift; path = Numbers/Src/Domain/LocalDS/UserDefaultDataSource.swift; sourceTree = SOURCE_ROOT; };
		B4FCD3F82970207100768861 /* URL+.swift */ = {isa = PBXFileReference; lastKnownFileType = sourcecode.swift; path = "URL+.swift"; sourceTree = "<group>"; };
		B4FF870D29647FB2007067A3 /* AlertView.swift */ = {isa = PBXFileReference; lastKnownFileType = sourcecode.swift; path = AlertView.swift; sourceTree = "<group>"; };
		B4FF870F29648461007067A3 /* AlertViewModfier.swift */ = {isa = PBXFileReference; lastKnownFileType = sourcecode.swift; path = AlertViewModfier.swift; sourceTree = "<group>"; };
		B4FF87112964A9F1007067A3 /* UsersDefaultDataSourceTest.swift */ = {isa = PBXFileReference; lastKnownFileType = sourcecode.swift; path = UsersDefaultDataSourceTest.swift; sourceTree = "<group>"; };
		B4FF87132964AA62007067A3 /* UserDefaultsDataSourceType.swift */ = {isa = PBXFileReference; lastKnownFileType = sourcecode.swift; path = UserDefaultsDataSourceType.swift; sourceTree = "<group>"; };
		B4FF87182964B6BD007067A3 /* NumbersRepositoryTest.swift */ = {isa = PBXFileReference; lastKnownFileType = sourcecode.swift; path = NumbersRepositoryTest.swift; sourceTree = "<group>"; };
/* End PBXFileReference section */

/* Begin PBXFrameworksBuildPhase section */
		B44782ED295448C8006FC0EC /* Frameworks */ = {
			isa = PBXFrameworksBuildPhase;
			buildActionMask = 2147483647;
			files = (
				B49D8FC329784966008AF9E3 /* NumbersEx in Frameworks */,
				B4ABD3FA2971A6F100A781D9 /* Swinject in Frameworks */,
			);
			runOnlyForDeploymentPostprocessing = 0;
		};
		B44782FD295448CA006FC0EC /* Frameworks */ = {
			isa = PBXFrameworksBuildPhase;
			buildActionMask = 2147483647;
			files = (
			);
			runOnlyForDeploymentPostprocessing = 0;
		};
/* End PBXFrameworksBuildPhase section */

/* Begin PBXGroup section */
		B405E524296591B00045DAFF /* Test */ = {
			isa = PBXGroup;
			children = (
				B405E525296591CA0045DAFF /* DeleteNumbersUseCaseTest.swift */,
				B405E5322965AC7C0045DAFF /* FetchNumbersUseCaseTest.swift */,
			);
			path = Test;
			sourceTree = "<group>";
		};
		B405E52B2965A7E00045DAFF /* Test */ = {
			isa = PBXGroup;
			children = (
				B405E52C2965A7F60045DAFF /* ContentViewModelTest.swift */,
			);
			path = Test;
			sourceTree = "<group>";
		};
		B40E978229731240007AC2A6 /* ViewFactory */ = {
			isa = PBXGroup;
			children = (
				B40E97802973120B007AC2A6 /* ViewFactory.swift */,
				B40E97842973126F007AC2A6 /* LazyView.swift */,
			);
			path = ViewFactory;
			sourceTree = "<group>";
		};
		B40E978329731250007AC2A6 /* ModifiableViewState */ = {
			isa = PBXGroup;
			children = (
				B4B06E3B295F4CE200B25094 /* ModifiableViewState.swift */,
			);
			path = ModifiableViewState;
			sourceTree = "<group>";
		};
		B40E9788297319AC007AC2A6 /* Test */ = {
			isa = PBXGroup;
			children = (
				B40E9789297319C1007AC2A6 /* NumbersAssemblerTest.swift */,
			);
			path = Test;
			sourceTree = "<group>";
		};
		B41038622974803C001CED69 /* RandomNumberView */ = {
			isa = PBXGroup;
			children = (
				B4A25C832976C0BF008A7511 /* Test */,
				B41038632974804C001CED69 /* RandomNumberView.swift */,
				B436090F29758D7700FB3FB9 /* RandomNumberViewModel.swift */,
			);
			path = RandomNumberView;
			sourceTree = "<group>";
		};
		B432F56F295F3B39007F6518 /* NumbersView */ = {
			isa = PBXGroup;
			children = (
				B405E52B2965A7E00045DAFF /* Test */,
				B4EE915429575ECD00BB45A3 /* NumbersViewModel.swift */,
				B44782F5295448C8006FC0EC /* NumbersView.swift */,
				B497B855295A57130057237A /* NumberRow.swift */,
			);
			path = NumbersView;
			sourceTree = "<group>";
		};
		B432F571295F3B86007F6518 /* FavoritesView */ = {
			isa = PBXGroup;
			children = (
				B4F91B56296D7104008F011A /* Test */,
				B432F572295F3BB0007F6518 /* FavoritesView.swift */,
				B4F73AA9295F3C92006C7333 /* FavoritesViewModel.swift */,
				B4B06E39295F498800B25094 /* FavoriteRow.swift */,
				B405E53D2965FC600045DAFF /* EmptyView.swift */,
			);
			path = FavoritesView;
			sourceTree = "<group>";
		};
		B43608FF29756CD400FB3FB9 /* Number */ = {
			isa = PBXGroup;
			children = (
				B447832B29545715006FC0EC /* NumbersRepositoryType.swift */,
			);
			path = Number;
			sourceTree = "<group>";
		};
		B436090029756CE100FB3FB9 /* Number */ = {
			isa = PBXGroup;
			children = (
				B4FF87172964AD9C007067A3 /* Test */,
				B4F91B5F296DB4AC008F011A /* LocalDS */,
				B44783822954BEB2006FC0EC /* RemoteDS */,
				B447832D29545B0F006FC0EC /* NumbersRepositoryImplm.swift */,
			);
			path = Number;
			sourceTree = "<group>";
		};
		B436090129756CEF00FB3FB9 /* RandomNumber */ = {
			isa = PBXGroup;
			children = (
				B436090229756DDE00FB3FB9 /* RandomNumberRepositoryType.swift */,
				B43609132975B34D00FB3FB9 /* NumberWithOperationRepositoryType.swift */,
			);
			path = RandomNumber;
			sourceTree = "<group>";
		};
		B436090429756E3900FB3FB9 /* RandomNumber */ = {
			isa = PBXGroup;
			children = (
				B49D8FBE29783DC2008AF9E3 /* Test */,
				B436090729756EA700FB3FB9 /* RemoteDS */,
				B436090529756E5200FB3FB9 /* RandomNumberRepositoryImplm.swift */,
			);
			path = RandomNumber;
			sourceTree = "<group>";
		};
		B436090729756EA700FB3FB9 /* RemoteDS */ = {
			isa = PBXGroup;
			children = (
				B436090829756EBF00FB3FB9 /* RemoteDSRandomNumber.swift */,
			);
			path = RemoteDS;
			sourceTree = "<group>";
		};
		B436090A29758C1800FB3FB9 /* FavoritesUseCase */ = {
			isa = PBXGroup;
			children = (
				B49D8FB929783695008AF9E3 /* Test */,
				B4F91B5A296D72C3008F011A /* IsfavoriteNumberUseCase.swift */,
				B41278872960BAB2006D1C82 /* FavoritesNumberUseCase.swift */,
			);
			path = FavoritesUseCase;
			sourceTree = "<group>";
		};
		B436090B29758C3400FB3FB9 /* NumbersUseCase */ = {
			isa = PBXGroup;
			children = (
				B405E524296591B00045DAFF /* Test */,
				B447833329545C27006FC0EC /* FetchNumbersUseCase.swift */,
				B41278892960BAC9006D1C82 /* SaveFavoriteNumberUseCase.swift */,
				B405E53F2965FEE70045DAFF /* FetchNumberUseCase.swift */,
				B41278852960B9FD006D1C82 /* DeleteNumberUseCase.swift */,
			);
			path = NumbersUseCase;
			sourceTree = "<group>";
		};
		B436090C29758C3F00FB3FB9 /* RandomNumberUseCase */ = {
			isa = PBXGroup;
			children = (
				B49D8FB82977F695008AF9E3 /* Test */,
				B436090D29758C7100FB3FB9 /* RandomNumberUseCase.swift */,
				B43609112975B31500FB3FB9 /* FetchWithOperationNumberUseCase.swift */,
			);
			path = RandomNumberUseCase;
			sourceTree = "<group>";
		};
		B44782E7295448C8006FC0EC = {
			isa = PBXGroup;
			children = (
				B44782F2295448C8006FC0EC /* Numbers */,
				B44782F1295448C8006FC0EC /* Products */,
			);
			sourceTree = "<group>";
		};
		B44782F1295448C8006FC0EC /* Products */ = {
			isa = PBXGroup;
			children = (
				B44782F0295448C8006FC0EC /* Numbers.app */,
				B4478300295448CA006FC0EC /* NumbersTests.xctest */,
			);
			name = Products;
			sourceTree = "<group>";
		};
		B44782F2295448C8006FC0EC /* Numbers */ = {
			isa = PBXGroup;
			children = (
				B44783872954C5F1006FC0EC /* Info.plist */,
				B447831E295449D4006FC0EC /* Src */,
				B44782F7295448CA006FC0EC /* Assets.xcassets */,
				B44782F9295448CA006FC0EC /* Preview Content */,
			);
			path = Numbers;
			sourceTree = "<group>";
		};
		B44782F9295448CA006FC0EC /* Preview Content */ = {
			isa = PBXGroup;
			children = (
				B44782FA295448CA006FC0EC /* Preview Assets.xcassets */,
			);
			path = "Preview Content";
			sourceTree = "<group>";
		};
		B447831E295449D4006FC0EC /* Src */ = {
			isa = PBXGroup;
			children = (
				B4ABD3FC2971E8D300A781D9 /* Assembler */,
				B44D33302958DE320026CFF4 /* Extensions */,
				B447833529545CDC006FC0EC /* Presentation */,
				B4478329295454F5006FC0EC /* Domain */,
			);
			path = Src;
			sourceTree = "<group>";
		};
		B447832129544A16006FC0EC /* Datasource */ = {
			isa = PBXGroup;
			children = (
				B436090429756E3900FB3FB9 /* RandomNumber */,
				B436090029756CE100FB3FB9 /* Number */,
			);
			path = Datasource;
			sourceTree = "<group>";
		};
		B447832229544A25006FC0EC /* Data */ = {
			isa = PBXGroup;
			children = (
				B447832129544A16006FC0EC /* Datasource */,
			);
			path = Data;
			sourceTree = "<group>";
		};
		B4478329295454F5006FC0EC /* Domain */ = {
			isa = PBXGroup;
			children = (
				B447832229544A25006FC0EC /* Data */,
				B447833129545BD6006FC0EC /* Domain */,
				B447833229545BE4006FC0EC /* Usecases */,
			);
			path = Domain;
			sourceTree = "<group>";
		};
		B447832F29545B6F006FC0EC /* Entities */ = {
			isa = PBXGroup;
			children = (
				B420477F295BA31500C32192 /* NumberEntitity.swift */,
			);
			path = Entities;
			sourceTree = "<group>";
		};
		B447833129545BD6006FC0EC /* Domain */ = {
			isa = PBXGroup;
			children = (
				B436090129756CEF00FB3FB9 /* RandomNumber */,
				B43608FF29756CD400FB3FB9 /* Number */,
				B44D332B2958DD480026CFF4 /* Error */,
				B447832F29545B6F006FC0EC /* Entities */,
			);
			path = Domain;
			sourceTree = "<group>";
		};
		B447833229545BE4006FC0EC /* Usecases */ = {
			isa = PBXGroup;
			children = (
				B436090B29758C3400FB3FB9 /* NumbersUseCase */,
				B436090C29758C3F00FB3FB9 /* RandomNumberUseCase */,
				B436090A29758C1800FB3FB9 /* FavoritesUseCase */,
			);
			path = Usecases;
			sourceTree = "<group>";
		};
		B447833529545CDC006FC0EC /* Presentation */ = {
			isa = PBXGroup;
			children = (
				B4F62A1F29570FD700CDC792 /* AnyViewModel */,
				B4478379295481D1006FC0EC /* Main */,
				B44783802954BC93006FC0EC /* View */,
			);
			path = Presentation;
			sourceTree = "<group>";
		};
		B4478379295481D1006FC0EC /* Main */ = {
			isa = PBXGroup;
			children = (
				B40E978229731240007AC2A6 /* ViewFactory */,
				B40E978329731250007AC2A6 /* ModifiableViewState */,
				B497AED8296C65C000524C99 /* CustomViews */,
				B44D5006295C4CE90013BC65 /* Viewmodifiers */,
				B44783812954BEA7006FC0EC /* Main */,
			);
			path = Main;
			sourceTree = "<group>";
		};
		B44783802954BC93006FC0EC /* View */ = {
			isa = PBXGroup;
			children = (
				B41038622974803C001CED69 /* RandomNumberView */,
				B4F91B57296D710D008F011A /* FavoriteIconView */,
				B432F571295F3B86007F6518 /* FavoritesView */,
				B432F56F295F3B39007F6518 /* NumbersView */,
			);
			path = View;
			sourceTree = "<group>";
		};
		B44783812954BEA7006FC0EC /* Main */ = {
			isa = PBXGroup;
			children = (
				B44783772954819E006FC0EC /* Appdelegate.swift */,
				B447837A295481EE006FC0EC /* Scenedelegate.swift */,
				B447837C295482EE006FC0EC /* AppCoordinator.swift */,
			);
			path = Main;
			sourceTree = "<group>";
		};
		B44783822954BEB2006FC0EC /* RemoteDS */ = {
			isa = PBXGroup;
			children = (
				B44783832954BF0F006FC0EC /* RemoteDS.swift */,
			);
			path = RemoteDS;
			sourceTree = "<group>";
		};
		B44D332B2958DD480026CFF4 /* Error */ = {
			isa = PBXGroup;
			children = (
				B44783852954C446006FC0EC /* NumbersError.swift */,
			);
			path = Error;
			sourceTree = "<group>";
		};
		B44D33302958DE320026CFF4 /* Extensions */ = {
			isa = PBXGroup;
			children = (
				B44D33312958DE400026CFF4 /* Publisher+.swift */,
				B405E529296594C00045DAFF /* AwaitPublisher.swift */,
				B405E5392965F6310045DAFF /* View+.swift */,
				B4F91B62296EF41F008F011A /* Sequence+.swift */,
				B4FCD3F82970207100768861 /* URL+.swift */,
			);
			path = Extensions;
			sourceTree = "<group>";
		};
		B44D5006295C4CE90013BC65 /* Viewmodifiers */ = {
			isa = PBXGroup;
			children = (
				B44D5007295C4D010013BC65 /* NewNumberModifier.swift */,
				B4A294FC295E19D40067FB54 /* TitleModifier.swift */,
				B4FF870F29648461007067A3 /* AlertViewModfier.swift */,
				B44C5B8B296C3E89008DB54C /* OnAppearOnce.swift */,
			);
			path = Viewmodifiers;
			sourceTree = "<group>";
		};
		B497AED8296C65C000524C99 /* CustomViews */ = {
			isa = PBXGroup;
			children = (
				B410385529746570001CED69 /* PrimaryButton.swift */,
				B405E5372965F4CE0045DAFF /* LoaderView.swift */,
				B4FF870D29647FB2007067A3 /* AlertView.swift */,
				B410386729748485001CED69 /* RandomNumberProgressView.swift */,
				B43608FD29755F4500FB3FB9 /* StepperButton.swift */,
			);
			path = CustomViews;
			sourceTree = "<group>";
		};
		B49D8FB82977F695008AF9E3 /* Test */ = {
			isa = PBXGroup;
			children = (
				B40C24572976F23F00047A9F /* RandomNumberUseCaseTest.swift */,
			);
			path = Test;
			sourceTree = "<group>";
		};
		B49D8FB929783695008AF9E3 /* Test */ = {
			isa = PBXGroup;
			children = (
				B405E5302965A9840045DAFF /* SaveFavoritesUseCaseTest.swift */,
				B405E52E2965A8AC0045DAFF /* FavoritesUseCaseTest.swift */,
			);
			path = Test;
			sourceTree = "<group>";
		};
		B49D8FBE29783DC2008AF9E3 /* Test */ = {
			isa = PBXGroup;
			children = (
				B49D8FBF29783DE0008AF9E3 /* RandomNumberRepositoryTest.swift */,
			);
			path = Test;
			sourceTree = "<group>";
		};
		B4A25C832976C0BF008A7511 /* Test */ = {
			isa = PBXGroup;
			children = (
				B4A25C842976C0D8008A7511 /* RandomNumberViewmodeltest.swift */,
			);
			path = Test;
			sourceTree = "<group>";
		};
		B4A25C862976E884008A7511 /* Test */ = {
			isa = PBXGroup;
			children = (
				B4A25C872976E89A008A7511 /* FavoriteIconViewmodelTest.swift */,
			);
			path = Test;
			sourceTree = "<group>";
		};
		B4ABD3FC2971E8D300A781D9 /* Assembler */ = {
			isa = PBXGroup;
			children = (
				B40E9788297319AC007AC2A6 /* Test */,
				B447833629545D8A006FC0EC /* Resolver.swift */,
				B4ABD3FD2971E8EE00A781D9 /* UseCasesAssembly.swift */,
				B40E977829730DD7007AC2A6 /* RepositoryAssembly.swift */,
				B40E977A29730E3B007AC2A6 /* RemoteServiceAssembly.swift */,
				B40E977C29730E79007AC2A6 /* LocalServiceAssembly.swift */,
				B40E977E297311D0007AC2A6 /* DependencyProvider.swift */,
				B40E9786297312AA007AC2A6 /* Inject.swift */,
			);
			path = Assembler;
			sourceTree = "<group>";
		};
		B4F62A1F29570FD700CDC792 /* AnyViewModel */ = {
			isa = PBXGroup;
			children = (
				B4EE915229575DA800BB45A3 /* AnyViewModel.swift */,
			);
			path = AnyViewModel;
			sourceTree = "<group>";
		};
		B4F91B56296D7104008F011A /* Test */ = {
			isa = PBXGroup;
			children = (
				B405E5342965D0060045DAFF /* FavoritesViewModelTest.swift */,
			);
			path = Test;
			sourceTree = "<group>";
		};
		B4F91B57296D710D008F011A /* FavoriteIconView */ = {
			isa = PBXGroup;
			children = (
				B4A25C862976E884008A7511 /* Test */,
				B4F91B54296D6A39008F011A /* FavoriteIconView.swift */,
				B4F91B58296D7143008F011A /* FavoriteiconViewModel.swift */,
			);
			path = FavoriteIconView;
			sourceTree = "<group>";
		};
		B4F91B5F296DB4AC008F011A /* LocalDS */ = {
			isa = PBXGroup;
			children = (
				B4FCD3F62970117800768861 /* UserDefaultDataSource.swift */,
				B4FF87132964AA62007067A3 /* UserDefaultsDataSourceType.swift */,
			);
			path = LocalDS;
			sourceTree = "<group>";
		};
		B4FF87172964AD9C007067A3 /* Test */ = {
			isa = PBXGroup;
			children = (
				B4FF87112964A9F1007067A3 /* UsersDefaultDataSourceTest.swift */,
				B4FF87182964B6BD007067A3 /* NumbersRepositoryTest.swift */,
				B4F91B5C296DAB90008F011A /* NumbersAPITest.swift */,
			);
			path = Test;
			sourceTree = "<group>";
		};
/* End PBXGroup section */

/* Begin PBXNativeTarget section */
		B44782EF295448C8006FC0EC /* Numbers */ = {
			isa = PBXNativeTarget;
			buildConfigurationList = B4478314295448CA006FC0EC /* Build configuration list for PBXNativeTarget "Numbers" */;
			buildPhases = (
				B44782EC295448C8006FC0EC /* Sources */,
				B44782ED295448C8006FC0EC /* Frameworks */,
				B44782EE295448C8006FC0EC /* Resources */,
			);
			buildRules = (
			);
			dependencies = (
			);
			name = Numbers;
			packageProductDependencies = (
				B4ABD3F92971A6F100A781D9 /* Swinject */,
				B49D8FC229784966008AF9E3 /* NumbersEx */,
			);
			productName = Numbers;
			productReference = B44782F0295448C8006FC0EC /* Numbers.app */;
			productType = "com.apple.product-type.application";
		};
		B44782FF295448CA006FC0EC /* NumbersTests */ = {
			isa = PBXNativeTarget;
			buildConfigurationList = B4478317295448CA006FC0EC /* Build configuration list for PBXNativeTarget "NumbersTests" */;
			buildPhases = (
				B44782FC295448CA006FC0EC /* Sources */,
				B44782FD295448CA006FC0EC /* Frameworks */,
				B44782FE295448CA006FC0EC /* Resources */,
			);
			buildRules = (
			);
			dependencies = (
				B4478302295448CA006FC0EC /* PBXTargetDependency */,
			);
			name = NumbersTests;
			productName = NumbersTests;
			productReference = B4478300295448CA006FC0EC /* NumbersTests.xctest */;
			productType = "com.apple.product-type.bundle.unit-test";
		};
/* End PBXNativeTarget section */

/* Begin PBXProject section */
		B44782E8295448C8006FC0EC /* Project object */ = {
			isa = PBXProject;
			attributes = {
				BuildIndependentTargetsInParallel = 1;
				LastSwiftUpdateCheck = 1410;
				LastUpgradeCheck = 1410;
				TargetAttributes = {
					B44782EF295448C8006FC0EC = {
						CreatedOnToolsVersion = 14.1;
					};
					B44782FF295448CA006FC0EC = {
						CreatedOnToolsVersion = 14.1;
						TestTargetID = B44782EF295448C8006FC0EC;
					};
				};
			};
			buildConfigurationList = B44782EB295448C8006FC0EC /* Build configuration list for PBXProject "Numbers" */;
			compatibilityVersion = "Xcode 14.0";
			developmentRegion = en;
			hasScannedForEncodings = 0;
			knownRegions = (
				en,
				Base,
			);
			mainGroup = B44782E7295448C8006FC0EC;
			packageReferences = (
				B4ABD3F82971A6F100A781D9 /* XCRemoteSwiftPackageReference "Swinject" */,
				B49D8FC129784966008AF9E3 /* XCRemoteSwiftPackageReference "NumbersEx" */,
			);
			productRefGroup = B44782F1295448C8006FC0EC /* Products */;
			projectDirPath = "";
			projectRoot = "";
			targets = (
				B44782EF295448C8006FC0EC /* Numbers */,
				B44782FF295448CA006FC0EC /* NumbersTests */,
			);
		};
/* End PBXProject section */

/* Begin PBXResourcesBuildPhase section */
		B44782EE295448C8006FC0EC /* Resources */ = {
			isa = PBXResourcesBuildPhase;
			buildActionMask = 2147483647;
			files = (
				B44782FB295448CA006FC0EC /* Preview Assets.xcassets in Resources */,
				B44782F8295448CA006FC0EC /* Assets.xcassets in Resources */,
			);
			runOnlyForDeploymentPostprocessing = 0;
		};
		B44782FE295448CA006FC0EC /* Resources */ = {
			isa = PBXResourcesBuildPhase;
			buildActionMask = 2147483647;
			files = (
			);
			runOnlyForDeploymentPostprocessing = 0;
		};
/* End PBXResourcesBuildPhase section */

/* Begin PBXSourcesBuildPhase section */
		B44782EC295448C8006FC0EC /* Sources */ = {
			isa = PBXSourcesBuildPhase;
			buildActionMask = 2147483647;
			files = (
				B447833729545D8A006FC0EC /* Resolver.swift in Sources */,
				B436090929756EBF00FB3FB9 /* RemoteDSRandomNumber.swift in Sources */,
				B447832C29545715006FC0EC /* NumbersRepositoryType.swift in Sources */,
				B40E97852973126F007AC2A6 /* LazyView.swift in Sources */,
				B4EE915329575DA800BB45A3 /* AnyViewModel.swift in Sources */,
				B4F73AAA295F3C92006C7333 /* FavoritesViewModel.swift in Sources */,
				B40E977929730DD7007AC2A6 /* RepositoryAssembly.swift in Sources */,
				B436091029758D7700FB3FB9 /* RandomNumberViewModel.swift in Sources */,
				B4FF870E29647FB2007067A3 /* AlertView.swift in Sources */,
				B44783782954819E006FC0EC /* Appdelegate.swift in Sources */,
				B4B06E3C295F4CE200B25094 /* ModifiableViewState.swift in Sources */,
				B44782F6295448C8006FC0EC /* NumbersView.swift in Sources */,
				B4F91B59296D7143008F011A /* FavoriteiconViewModel.swift in Sources */,
				B44783862954C446006FC0EC /* NumbersError.swift in Sources */,
				B447833429545C27006FC0EC /* FetchNumbersUseCase.swift in Sources */,
				B41278882960BAB2006D1C82 /* FavoritesNumberUseCase.swift in Sources */,
				B44D5008295C4D010013BC65 /* NewNumberModifier.swift in Sources */,
				B41278862960B9FD006D1C82 /* DeleteNumberUseCase.swift in Sources */,
				B44783842954BF0F006FC0EC /* RemoteDS.swift in Sources */,
				B4F91B63296EF41F008F011A /* Sequence+.swift in Sources */,
				B4ABD3FE2971E8EE00A781D9 /* UseCasesAssembly.swift in Sources */,
				B497B856295A57130057237A /* NumberRow.swift in Sources */,
				B4B06E3A295F498800B25094 /* FavoriteRow.swift in Sources */,
				B44C5B8C296C3E89008DB54C /* OnAppearOnce.swift in Sources */,
				B41038642974804C001CED69 /* RandomNumberView.swift in Sources */,
				B436090629756E5200FB3FB9 /* RandomNumberRepositoryImplm.swift in Sources */,
				B405E53A2965F6310045DAFF /* View+.swift in Sources */,
				B410385629746570001CED69 /* PrimaryButton.swift in Sources */,
				B436090E29758C7100FB3FB9 /* RandomNumberUseCase.swift in Sources */,
				B40E97812973120B007AC2A6 /* ViewFactory.swift in Sources */,
				B4A294FD295E19D40067FB54 /* TitleModifier.swift in Sources */,
				B447832E29545B0F006FC0EC /* NumbersRepositoryImplm.swift in Sources */,
				B44D33322958DE400026CFF4 /* Publisher+.swift in Sources */,
				B40E977D29730E79007AC2A6 /* LocalServiceAssembly.swift in Sources */,
				B4204780295BA31500C32192 /* NumberEntitity.swift in Sources */,
				B447837D295482EE006FC0EC /* AppCoordinator.swift in Sources */,
				B405E5402965FEE70045DAFF /* FetchNumberUseCase.swift in Sources */,
				B4EE915529575ECD00BB45A3 /* NumbersViewModel.swift in Sources */,
				B4FCD3F72970117800768861 /* UserDefaultDataSource.swift in Sources */,
				B4F91B55296D6A39008F011A /* FavoriteIconView.swift in Sources */,
				B410386829748485001CED69 /* RandomNumberProgressView.swift in Sources */,
				B4FF871029648461007067A3 /* AlertViewModfier.swift in Sources */,
				B405E53E2965FC600045DAFF /* EmptyView.swift in Sources */,
				B432F573295F3BB0007F6518 /* FavoritesView.swift in Sources */,
				B412788A2960BAC9006D1C82 /* SaveFavoriteNumberUseCase.swift in Sources */,
				B43609142975B34D00FB3FB9 /* NumberWithOperationRepositoryType.swift in Sources */,
				B40E9787297312AA007AC2A6 /* Inject.swift in Sources */,
				B40E977F297311D0007AC2A6 /* DependencyProvider.swift in Sources */,
				B43608FE29755F4500FB3FB9 /* StepperButton.swift in Sources */,
				B4FCD3F92970207100768861 /* URL+.swift in Sources */,
				B43609122975B31500FB3FB9 /* FetchWithOperationNumberUseCase.swift in Sources */,
				B40E977B29730E3B007AC2A6 /* RemoteServiceAssembly.swift in Sources */,
				B405E5382965F4CE0045DAFF /* LoaderView.swift in Sources */,
				B4FF87142964AA62007067A3 /* UserDefaultsDataSourceType.swift in Sources */,
				B4F91B5B296D72C3008F011A /* IsfavoriteNumberUseCase.swift in Sources */,
				B447837B295481EE006FC0EC /* Scenedelegate.swift in Sources */,
				B436090329756DDE00FB3FB9 /* RandomNumberRepositoryType.swift in Sources */,
			);
			runOnlyForDeploymentPostprocessing = 0;
		};
		B44782FC295448CA006FC0EC /* Sources */ = {
			isa = PBXSourcesBuildPhase;
			buildActionMask = 2147483647;
			files = (
				B4FF87192964B6BD007067A3 /* NumbersRepositoryTest.swift in Sources */,
				B40C24582976F23F00047A9F /* RandomNumberUseCaseTest.swift in Sources */,
				B405E5332965AC7C0045DAFF /* FetchNumbersUseCaseTest.swift in Sources */,
				B405E526296591CA0045DAFF /* DeleteNumbersUseCaseTest.swift in Sources */,
				B4A25C882976E89A008A7511 /* FavoriteIconViewmodelTest.swift in Sources */,
				B49D8FC029783DE0008AF9E3 /* RandomNumberRepositoryTest.swift in Sources */,
				B4F91B5D296DAB90008F011A /* NumbersAPITest.swift in Sources */,
				B4A25C852976C0D8008A7511 /* RandomNumberViewmodeltest.swift in Sources */,
				B40E978A297319C1007AC2A6 /* NumbersAssemblerTest.swift in Sources */,
				B405E52F2965A8AC0045DAFF /* FavoritesUseCaseTest.swift in Sources */,
				B4FF87122964A9F1007067A3 /* UsersDefaultDataSourceTest.swift in Sources */,
				B405E5312965A9840045DAFF /* SaveFavoritesUseCaseTest.swift in Sources */,
				B405E52A296594C00045DAFF /* AwaitPublisher.swift in Sources */,
				B405E52D2965A7F60045DAFF /* ContentViewModelTest.swift in Sources */,
				B405E5352965D0060045DAFF /* FavoritesViewModelTest.swift in Sources */,
			);
			runOnlyForDeploymentPostprocessing = 0;
		};
/* End PBXSourcesBuildPhase section */

/* Begin PBXTargetDependency section */
		B4478302295448CA006FC0EC /* PBXTargetDependency */ = {
			isa = PBXTargetDependency;
			target = B44782EF295448C8006FC0EC /* Numbers */;
			targetProxy = B4478301295448CA006FC0EC /* PBXContainerItemProxy */;
		};
/* End PBXTargetDependency section */

/* Begin XCBuildConfiguration section */
		B4478312295448CA006FC0EC /* Debug */ = {
			isa = XCBuildConfiguration;
			buildSettings = {
				ALWAYS_SEARCH_USER_PATHS = NO;
				CLANG_ANALYZER_NONNULL = YES;
				CLANG_ANALYZER_NUMBER_OBJECT_CONVERSION = YES_AGGRESSIVE;
				CLANG_CXX_LANGUAGE_STANDARD = "gnu++20";
				CLANG_ENABLE_MODULES = YES;
				CLANG_ENABLE_OBJC_ARC = YES;
				CLANG_ENABLE_OBJC_WEAK = YES;
				CLANG_WARN_BLOCK_CAPTURE_AUTORELEASING = YES;
				CLANG_WARN_BOOL_CONVERSION = YES;
				CLANG_WARN_COMMA = YES;
				CLANG_WARN_CONSTANT_CONVERSION = YES;
				CLANG_WARN_DEPRECATED_OBJC_IMPLEMENTATIONS = YES;
				CLANG_WARN_DIRECT_OBJC_ISA_USAGE = YES_ERROR;
				CLANG_WARN_DOCUMENTATION_COMMENTS = YES;
				CLANG_WARN_EMPTY_BODY = YES;
				CLANG_WARN_ENUM_CONVERSION = YES;
				CLANG_WARN_INFINITE_RECURSION = YES;
				CLANG_WARN_INT_CONVERSION = YES;
				CLANG_WARN_NON_LITERAL_NULL_CONVERSION = YES;
				CLANG_WARN_OBJC_IMPLICIT_RETAIN_SELF = YES;
				CLANG_WARN_OBJC_LITERAL_CONVERSION = YES;
				CLANG_WARN_OBJC_ROOT_CLASS = YES_ERROR;
				CLANG_WARN_QUOTED_INCLUDE_IN_FRAMEWORK_HEADER = YES;
				CLANG_WARN_RANGE_LOOP_ANALYSIS = YES;
				CLANG_WARN_STRICT_PROTOTYPES = YES;
				CLANG_WARN_SUSPICIOUS_MOVE = YES;
				CLANG_WARN_UNGUARDED_AVAILABILITY = YES_AGGRESSIVE;
				CLANG_WARN_UNREACHABLE_CODE = YES;
				CLANG_WARN__DUPLICATE_METHOD_MATCH = YES;
				COPY_PHASE_STRIP = NO;
				DEBUG_INFORMATION_FORMAT = dwarf;
				ENABLE_STRICT_OBJC_MSGSEND = YES;
				ENABLE_TESTABILITY = YES;
				GCC_C_LANGUAGE_STANDARD = gnu11;
				GCC_DYNAMIC_NO_PIC = NO;
				GCC_NO_COMMON_BLOCKS = YES;
				GCC_OPTIMIZATION_LEVEL = 0;
				GCC_PREPROCESSOR_DEFINITIONS = (
					"DEBUG=1",
					"$(inherited)",
				);
				GCC_WARN_64_TO_32_BIT_CONVERSION = YES;
				GCC_WARN_ABOUT_RETURN_TYPE = YES_ERROR;
				GCC_WARN_UNDECLARED_SELECTOR = YES;
				GCC_WARN_UNINITIALIZED_AUTOS = YES_AGGRESSIVE;
				GCC_WARN_UNUSED_FUNCTION = YES;
				GCC_WARN_UNUSED_VARIABLE = YES;
				IPHONEOS_DEPLOYMENT_TARGET = 16.1;
				MTL_ENABLE_DEBUG_INFO = INCLUDE_SOURCE;
				MTL_FAST_MATH = YES;
				ONLY_ACTIVE_ARCH = YES;
				SDKROOT = iphoneos;
				SWIFT_ACTIVE_COMPILATION_CONDITIONS = DEBUG;
				SWIFT_OPTIMIZATION_LEVEL = "-Onone";
			};
			name = Debug;
		};
		B4478313295448CA006FC0EC /* Release */ = {
			isa = XCBuildConfiguration;
			buildSettings = {
				ALWAYS_SEARCH_USER_PATHS = NO;
				CLANG_ANALYZER_NONNULL = YES;
				CLANG_ANALYZER_NUMBER_OBJECT_CONVERSION = YES_AGGRESSIVE;
				CLANG_CXX_LANGUAGE_STANDARD = "gnu++20";
				CLANG_ENABLE_MODULES = YES;
				CLANG_ENABLE_OBJC_ARC = YES;
				CLANG_ENABLE_OBJC_WEAK = YES;
				CLANG_WARN_BLOCK_CAPTURE_AUTORELEASING = YES;
				CLANG_WARN_BOOL_CONVERSION = YES;
				CLANG_WARN_COMMA = YES;
				CLANG_WARN_CONSTANT_CONVERSION = YES;
				CLANG_WARN_DEPRECATED_OBJC_IMPLEMENTATIONS = YES;
				CLANG_WARN_DIRECT_OBJC_ISA_USAGE = YES_ERROR;
				CLANG_WARN_DOCUMENTATION_COMMENTS = YES;
				CLANG_WARN_EMPTY_BODY = YES;
				CLANG_WARN_ENUM_CONVERSION = YES;
				CLANG_WARN_INFINITE_RECURSION = YES;
				CLANG_WARN_INT_CONVERSION = YES;
				CLANG_WARN_NON_LITERAL_NULL_CONVERSION = YES;
				CLANG_WARN_OBJC_IMPLICIT_RETAIN_SELF = YES;
				CLANG_WARN_OBJC_LITERAL_CONVERSION = YES;
				CLANG_WARN_OBJC_ROOT_CLASS = YES_ERROR;
				CLANG_WARN_QUOTED_INCLUDE_IN_FRAMEWORK_HEADER = YES;
				CLANG_WARN_RANGE_LOOP_ANALYSIS = YES;
				CLANG_WARN_STRICT_PROTOTYPES = YES;
				CLANG_WARN_SUSPICIOUS_MOVE = YES;
				CLANG_WARN_UNGUARDED_AVAILABILITY = YES_AGGRESSIVE;
				CLANG_WARN_UNREACHABLE_CODE = YES;
				CLANG_WARN__DUPLICATE_METHOD_MATCH = YES;
				COPY_PHASE_STRIP = NO;
				DEBUG_INFORMATION_FORMAT = "dwarf-with-dsym";
				ENABLE_NS_ASSERTIONS = NO;
				ENABLE_STRICT_OBJC_MSGSEND = YES;
				GCC_C_LANGUAGE_STANDARD = gnu11;
				GCC_NO_COMMON_BLOCKS = YES;
				GCC_WARN_64_TO_32_BIT_CONVERSION = YES;
				GCC_WARN_ABOUT_RETURN_TYPE = YES_ERROR;
				GCC_WARN_UNDECLARED_SELECTOR = YES;
				GCC_WARN_UNINITIALIZED_AUTOS = YES_AGGRESSIVE;
				GCC_WARN_UNUSED_FUNCTION = YES;
				GCC_WARN_UNUSED_VARIABLE = YES;
				IPHONEOS_DEPLOYMENT_TARGET = 16.1;
				MTL_ENABLE_DEBUG_INFO = NO;
				MTL_FAST_MATH = YES;
				SDKROOT = iphoneos;
				SWIFT_COMPILATION_MODE = wholemodule;
				SWIFT_OPTIMIZATION_LEVEL = "-O";
				VALIDATE_PRODUCT = YES;
			};
			name = Release;
		};
		B4478315295448CA006FC0EC /* Debug */ = {
			isa = XCBuildConfiguration;
			buildSettings = {
				ASSETCATALOG_COMPILER_APPICON_NAME = AppIcon;
				ASSETCATALOG_COMPILER_GLOBAL_ACCENT_COLOR_NAME = AccentColor;
				CODE_SIGN_STYLE = Automatic;
				CURRENT_PROJECT_VERSION = 1;
				DEVELOPMENT_ASSET_PATHS = "\"Numbers/Preview Content\"";
				DEVELOPMENT_TEAM = 4ZHAC3RSP3;
				ENABLE_PREVIEWS = YES;
				GENERATE_INFOPLIST_FILE = YES;
				INFOPLIST_FILE = Numbers/Info.plist;
				INFOPLIST_KEY_UIApplicationSceneManifest_Generation = YES;
				INFOPLIST_KEY_UIApplicationSupportsIndirectInputEvents = YES;
				INFOPLIST_KEY_UILaunchScreen_Generation = YES;
				INFOPLIST_KEY_UISupportedInterfaceOrientations_iPad = "UIInterfaceOrientationPortrait UIInterfaceOrientationPortraitUpsideDown UIInterfaceOrientationLandscapeLeft UIInterfaceOrientationLandscapeRight";
				INFOPLIST_KEY_UISupportedInterfaceOrientations_iPhone = "UIInterfaceOrientationPortrait UIInterfaceOrientationLandscapeLeft UIInterfaceOrientationLandscapeRight";
				LD_RUNPATH_SEARCH_PATHS = (
					"$(inherited)",
					"@executable_path/Frameworks",
				);
				MARKETING_VERSION = 1.0;
				PRODUCT_BUNDLE_IDENTIFIER = numbers.mgi.com.Numbers;
				PRODUCT_NAME = "$(TARGET_NAME)";
				SWIFT_EMIT_LOC_STRINGS = YES;
				SWIFT_VERSION = 5.0;
				TARGETED_DEVICE_FAMILY = "1,2";
			};
			name = Debug;
		};
		B4478316295448CA006FC0EC /* Release */ = {
			isa = XCBuildConfiguration;
			buildSettings = {
				ASSETCATALOG_COMPILER_APPICON_NAME = AppIcon;
				ASSETCATALOG_COMPILER_GLOBAL_ACCENT_COLOR_NAME = AccentColor;
				CODE_SIGN_STYLE = Automatic;
				CURRENT_PROJECT_VERSION = 1;
				DEVELOPMENT_ASSET_PATHS = "\"Numbers/Preview Content\"";
				DEVELOPMENT_TEAM = 4ZHAC3RSP3;
				ENABLE_PREVIEWS = YES;
				GENERATE_INFOPLIST_FILE = YES;
				INFOPLIST_FILE = Numbers/Info.plist;
				INFOPLIST_KEY_UIApplicationSceneManifest_Generation = YES;
				INFOPLIST_KEY_UIApplicationSupportsIndirectInputEvents = YES;
				INFOPLIST_KEY_UILaunchScreen_Generation = YES;
				INFOPLIST_KEY_UISupportedInterfaceOrientations_iPad = "UIInterfaceOrientationPortrait UIInterfaceOrientationPortraitUpsideDown UIInterfaceOrientationLandscapeLeft UIInterfaceOrientationLandscapeRight";
				INFOPLIST_KEY_UISupportedInterfaceOrientations_iPhone = "UIInterfaceOrientationPortrait UIInterfaceOrientationLandscapeLeft UIInterfaceOrientationLandscapeRight";
				LD_RUNPATH_SEARCH_PATHS = (
					"$(inherited)",
					"@executable_path/Frameworks",
				);
				MARKETING_VERSION = 1.0;
				PRODUCT_BUNDLE_IDENTIFIER = numbers.mgi.com.Numbers;
				PRODUCT_NAME = "$(TARGET_NAME)";
				SWIFT_EMIT_LOC_STRINGS = YES;
				SWIFT_VERSION = 5.0;
				TARGETED_DEVICE_FAMILY = "1,2";
			};
			name = Release;
		};
		B4478318295448CA006FC0EC /* Debug */ = {
			isa = XCBuildConfiguration;
			buildSettings = {
				ALWAYS_EMBED_SWIFT_STANDARD_LIBRARIES = YES;
				BUNDLE_LOADER = "$(TEST_HOST)";
				CODE_SIGN_STYLE = Automatic;
				CURRENT_PROJECT_VERSION = 1;
				DEVELOPMENT_TEAM = 4ZHAC3RSP3;
				GENERATE_INFOPLIST_FILE = YES;
				IPHONEOS_DEPLOYMENT_TARGET = 16.1;
				MARKETING_VERSION = 1.0;
				PRODUCT_BUNDLE_IDENTIFIER = numbers.mgi.com.NumbersTests;
				PRODUCT_NAME = "$(TARGET_NAME)";
				SWIFT_EMIT_LOC_STRINGS = NO;
				SWIFT_VERSION = 5.0;
				TARGETED_DEVICE_FAMILY = "1,2";
				TEST_HOST = "$(BUILT_PRODUCTS_DIR)/Numbers.app/$(BUNDLE_EXECUTABLE_FOLDER_PATH)/Numbers";
			};
			name = Debug;
		};
		B4478319295448CA006FC0EC /* Release */ = {
			isa = XCBuildConfiguration;
			buildSettings = {
				ALWAYS_EMBED_SWIFT_STANDARD_LIBRARIES = YES;
				BUNDLE_LOADER = "$(TEST_HOST)";
				CODE_SIGN_STYLE = Automatic;
				CURRENT_PROJECT_VERSION = 1;
				DEVELOPMENT_TEAM = 4ZHAC3RSP3;
				GENERATE_INFOPLIST_FILE = YES;
				IPHONEOS_DEPLOYMENT_TARGET = 16.1;
				MARKETING_VERSION = 1.0;
				PRODUCT_BUNDLE_IDENTIFIER = numbers.mgi.com.NumbersTests;
				PRODUCT_NAME = "$(TARGET_NAME)";
				SWIFT_EMIT_LOC_STRINGS = NO;
				SWIFT_VERSION = 5.0;
				TARGETED_DEVICE_FAMILY = "1,2";
				TEST_HOST = "$(BUILT_PRODUCTS_DIR)/Numbers.app/$(BUNDLE_EXECUTABLE_FOLDER_PATH)/Numbers";
			};
			name = Release;
		};
/* End XCBuildConfiguration section */

/* Begin XCConfigurationList section */
		B44782EB295448C8006FC0EC /* Build configuration list for PBXProject "Numbers" */ = {
			isa = XCConfigurationList;
			buildConfigurations = (
				B4478312295448CA006FC0EC /* Debug */,
				B4478313295448CA006FC0EC /* Release */,
			);
			defaultConfigurationIsVisible = 0;
			defaultConfigurationName = Release;
		};
		B4478314295448CA006FC0EC /* Build configuration list for PBXNativeTarget "Numbers" */ = {
			isa = XCConfigurationList;
			buildConfigurations = (
				B4478315295448CA006FC0EC /* Debug */,
				B4478316295448CA006FC0EC /* Release */,
			);
			defaultConfigurationIsVisible = 0;
			defaultConfigurationName = Release;
		};
		B4478317295448CA006FC0EC /* Build configuration list for PBXNativeTarget "NumbersTests" */ = {
			isa = XCConfigurationList;
			buildConfigurations = (
				B4478318295448CA006FC0EC /* Debug */,
				B4478319295448CA006FC0EC /* Release */,
			);
			defaultConfigurationIsVisible = 0;
			defaultConfigurationName = Release;
		};
/* End XCConfigurationList section */

/* Begin XCRemoteSwiftPackageReference section */
		B49D8FC129784966008AF9E3 /* XCRemoteSwiftPackageReference "NumbersEx" */ = {
			isa = XCRemoteSwiftPackageReference;
			repositoryURL = "https://github.com/michelgoni/NumbersEx";
			requirement = {
				branch = main;
				kind = branch;
			};
		};
		B4ABD3F82971A6F100A781D9 /* XCRemoteSwiftPackageReference "Swinject" */ = {
			isa = XCRemoteSwiftPackageReference;
			repositoryURL = "https://github.com/Swinject/Swinject.git";
			requirement = {
				branch = master;
				kind = branch;
			};
		};
/* End XCRemoteSwiftPackageReference section */

/* Begin XCSwiftPackageProductDependency section */
		B49D8FC229784966008AF9E3 /* NumbersEx */ = {
			isa = XCSwiftPackageProductDependency;
			package = B49D8FC129784966008AF9E3 /* XCRemoteSwiftPackageReference "NumbersEx" */;
			productName = NumbersEx;
		};
		B4ABD3F92971A6F100A781D9 /* Swinject */ = {
			isa = XCSwiftPackageProductDependency;
			package = B4ABD3F82971A6F100A781D9 /* XCRemoteSwiftPackageReference "Swinject" */;
			productName = Swinject;
		};
/* End XCSwiftPackageProductDependency section */
	};
	rootObject = B44782E8295448C8006FC0EC /* Project object */;
}
